
Microsoft Visual Studio Solution File, Format Version 12.00
# Visual Studio Version 16
VisualStudioVersion = 16.0.29613.14
MinimumVisualStudioVersion = 10.0.40219.1
Project("{2150E333-8FDC-42A3-9474-1A3956D46DE8}") = "bepu", "bepu", "{EB7E6C57-7FB2-4874-8B8F-F082E42F0FA7}"
EndProject
Project("{9A19103F-16F7-4668-BE54-9A1E7A4F7556}") = "D3DLab.ECS", "D3DLab.ECS\D3DLab.ECS.csproj", "{F2930EC2-D0F3-45B9-9ACC-EAD1A88426B3}"
EndProject
Project("{9A19103F-16F7-4668-BE54-9A1E7A4F7556}") = "D3DLab.SDX.Engine", "D3DLab.SDX.Engine\D3DLab.SDX.Engine.csproj", "{C45EB523-11DC-4661-A3F8-25018BBA0F39}"
EndProject
Project("{2150E333-8FDC-42A3-9474-1A3956D46DE8}") = "shared", "shared", "{0A9EA73A-AF26-4386-AEC1-640B13487949}"
EndProject
Project("{9A19103F-16F7-4668-BE54-9A1E7A4F7556}") = "D3DLab.Physics.Engine", "D3DLab.Physics.Engine\D3DLab.Physics.Engine.csproj", "{16B3032C-FAE4-482E-9C90-7F4372029286}"
EndProject
Project("{2150E333-8FDC-42A3-9474-1A3956D46DE8}") = "Plugins", "Plugins", "{1E3E4399-C97C-4FF2-814A-9BED419FF135}"
EndProject
Project("{9A19103F-16F7-4668-BE54-9A1E7A4F7556}") = "D3DLab.Plugin.Contracts", "D3DLab.Plugin.Contracts\D3DLab.Plugin.Contracts.csproj", "{FE76BC7D-BBF6-45EC-8D53-4C3A2519EF6B}"
EndProject
Project("{9A19103F-16F7-4668-BE54-9A1E7A4F7556}") = "D3DLab.Std.Engine.Core", "D3DLab.Std.Engine.Core\D3DLab.Std.Engine.Core.csproj", "{DA720F52-2B23-4583-8CB4-33F62F42118D}"
EndProject
Project("{FAE04EC0-301F-11D3-BF4B-00C04F79EFBC}") = "D3DLab.UI", "D3DLab.UI\D3DLab.UI.csproj", "{336FEB8A-DE4F-4BDB-8322-FC594F19FEEF}"
EndProject
Project("{9A19103F-16F7-4668-BE54-9A1E7A4F7556}") = "OBJGeometryParser", "OBJGeometryParser\OBJGeometryParser.csproj", "{EC8EDAE1-760F-425F-8CEB-3FCE8A7229A8}"
EndProject
Project("{2150E333-8FDC-42A3-9474-1A3956D46DE8}") = "net_framework", "net_framework", "{85C13EB4-818C-4F79-B616-9C8EDDD234B2}"
EndProject
Project("{FAE04EC0-301F-11D3-BF4B-00C04F79EFBC}") = "D3DLab.Debugger", "D3DLab.Debugger\D3DLab.Debugger.csproj", "{3FC522C3-3533-4A12-A751-D784CB93FAF1}"
EndProject
Project("{FAE04EC0-301F-11D3-BF4B-00C04F79EFBC}") = "D3DLab.Wpf.Engine.App", "D3DLab.Wpf.Engine.App\D3DLab.Wpf.Engine.App.csproj", "{DD2AF31B-F0DD-4BDD-A6EB-0D32FC8B6BB7}"
EndProject
Project("{2150E333-8FDC-42A3-9474-1A3956D46DE8}") = "net_core", "net_core", "{B58325C1-470C-4F6A-8409-D14D71D40DED}"
EndProject
Project("{9A19103F-16F7-4668-BE54-9A1E7A4F7556}") = "D3DLab.Viewer", "D3DLab.Viewer\D3DLab.Viewer.csproj", "{56DC2D62-D62B-40E4-94E1-CA65493F2593}"
EndProject
Project("{FAE04EC0-301F-11D3-BF4B-00C04F79EFBC}") = "D3DLab", "D3DLab\D3DLab.csproj", "{D7A21D57-4A41-444B-9462-1F0CD9459E28}"
EndProject
Project("{9A19103F-16F7-4668-BE54-9A1E7A4F7556}") = "WPFLab", "WPFLab\WPFLab.csproj", "{5BC5CBFF-817B-4466-83B9-C2C6C5C3DBF8}"
EndProject
Project("{9A19103F-16F7-4668-BE54-9A1E7A4F7556}") = "WpfCoreTest", "WpfCoreTest\WpfCoreTest.csproj", "{587965D5-5CB2-434D-A8FF-D89E4D477C76}"
EndProject
Project("{FAE04EC0-301F-11D3-BF4B-00C04F79EFBC}") = "WpfNetFrwTest", "WpfNetFrwTest\WpfNetFrwTest.csproj", "{10C05264-6B54-43A1-9684-1409F4CE824E}"
EndProject
Project("{9A19103F-16F7-4668-BE54-9A1E7A4F7556}") = "D3DLab.Wpf.Render", "D3DLab.Wpf.Render\D3DLab.Wpf.Render.csproj", "{21B3D8C2-8B6B-4EC0-8F99-14F1453F79D8}"
EndProject
Project("{9A19103F-16F7-4668-BE54-9A1E7A4F7556}") = "BepuUtilities", "bepuphysics2\BepuUtilities\BepuUtilities.csproj", "{A5051F73-93E6-4603-A8E8-F84F18425EAE}"
EndProject
Project("{9A19103F-16F7-4668-BE54-9A1E7A4F7556}") = "BepuPhysics", "bepuphysics2\BepuPhysics\BepuPhysics.csproj", "{BA020C9B-CA30-4E97-A0C6-F80591B41914}"
EndProject
Project("{9A19103F-16F7-4668-BE54-9A1E7A4F7556}") = "D3DLab.Toolkit", "D3DLab.Toolkit\D3DLab.Toolkit.csproj", "{9A8D7CCD-A3B0-4831-B5B7-038FF46C7AB2}"
EndProject
Project("{9A19103F-16F7-4668-BE54-9A1E7A4F7556}") = "D3DLab.SDX.WPF", "D3DLab.SDX.WPF\D3DLab.SDX.WPF.csproj", "{A57BCD0B-26E7-40DA-A78E-F1473EFAEEC1}"
EndProject
Project("{9A19103F-16F7-4668-BE54-9A1E7A4F7556}") = "D3DLab.Plugin.Import.OBJ", "D3DLab.Plugin.Import.OBJ\D3DLab.Plugin.Import.OBJ.csproj", "{3B85B3A4-F33A-40AF-8D45-C773416576F7}"
EndProject
Project("{9A19103F-16F7-4668-BE54-9A1E7A4F7556}") = "D3DLab.FileFormats", "D3DLab.FileFormats\D3DLab.FileFormats.csproj", "{38BE8566-0F54-4E3A-9BCF-99E055A19EEA}"
EndProject
Project("{FAE04EC0-301F-11D3-BF4B-00C04F79EFBC}") = "D3DLab.Utility", "D3DLab.Utility\D3DLab.Utility.csproj", "{FDD1C997-A0DC-479C-94AF-4A2EC44D72E6}"
EndProject
Global
	GlobalSection(SolutionConfigurationPlatforms) = preSolution
		Debug|Any CPU = Debug|Any CPU
		Debug|x64 = Debug|x64
		Release|Any CPU = Release|Any CPU
		Release|x64 = Release|x64
		ReleaseStrip|Any CPU = ReleaseStrip|Any CPU
		ReleaseStrip|x64 = ReleaseStrip|x64
		ReleaseStripNoProfiling|Any CPU = ReleaseStripNoProfiling|Any CPU
		ReleaseStripNoProfiling|x64 = ReleaseStripNoProfiling|x64
	EndGlobalSection
	GlobalSection(ProjectConfigurationPlatforms) = postSolution
		{F2930EC2-D0F3-45B9-9ACC-EAD1A88426B3}.Debug|Any CPU.ActiveCfg = Debug|Any CPU
		{F2930EC2-D0F3-45B9-9ACC-EAD1A88426B3}.Debug|Any CPU.Build.0 = Debug|Any CPU
		{F2930EC2-D0F3-45B9-9ACC-EAD1A88426B3}.Debug|x64.ActiveCfg = Debug|Any CPU
		{F2930EC2-D0F3-45B9-9ACC-EAD1A88426B3}.Debug|x64.Build.0 = Debug|Any CPU
		{F2930EC2-D0F3-45B9-9ACC-EAD1A88426B3}.Release|Any CPU.ActiveCfg = Release|Any CPU
		{F2930EC2-D0F3-45B9-9ACC-EAD1A88426B3}.Release|Any CPU.Build.0 = Release|Any CPU
		{F2930EC2-D0F3-45B9-9ACC-EAD1A88426B3}.Release|x64.ActiveCfg = Release|Any CPU
		{F2930EC2-D0F3-45B9-9ACC-EAD1A88426B3}.Release|x64.Build.0 = Release|Any CPU
		{F2930EC2-D0F3-45B9-9ACC-EAD1A88426B3}.ReleaseStrip|Any CPU.ActiveCfg = Release|Any CPU
		{F2930EC2-D0F3-45B9-9ACC-EAD1A88426B3}.ReleaseStrip|Any CPU.Build.0 = Release|Any CPU
		{F2930EC2-D0F3-45B9-9ACC-EAD1A88426B3}.ReleaseStrip|x64.ActiveCfg = Release|Any CPU
		{F2930EC2-D0F3-45B9-9ACC-EAD1A88426B3}.ReleaseStrip|x64.Build.0 = Release|Any CPU
		{F2930EC2-D0F3-45B9-9ACC-EAD1A88426B3}.ReleaseStripNoProfiling|Any CPU.ActiveCfg = Release|Any CPU
		{F2930EC2-D0F3-45B9-9ACC-EAD1A88426B3}.ReleaseStripNoProfiling|Any CPU.Build.0 = Release|Any CPU
		{F2930EC2-D0F3-45B9-9ACC-EAD1A88426B3}.ReleaseStripNoProfiling|x64.ActiveCfg = Release|Any CPU
		{F2930EC2-D0F3-45B9-9ACC-EAD1A88426B3}.ReleaseStripNoProfiling|x64.Build.0 = Release|Any CPU
		{C45EB523-11DC-4661-A3F8-25018BBA0F39}.Debug|Any CPU.ActiveCfg = Debug|Any CPU
		{C45EB523-11DC-4661-A3F8-25018BBA0F39}.Debug|Any CPU.Build.0 = Debug|Any CPU
		{C45EB523-11DC-4661-A3F8-25018BBA0F39}.Debug|x64.ActiveCfg = Debug|x64
		{C45EB523-11DC-4661-A3F8-25018BBA0F39}.Debug|x64.Build.0 = Debug|x64
		{C45EB523-11DC-4661-A3F8-25018BBA0F39}.Release|Any CPU.ActiveCfg = Release|Any CPU
		{C45EB523-11DC-4661-A3F8-25018BBA0F39}.Release|Any CPU.Build.0 = Release|Any CPU
		{C45EB523-11DC-4661-A3F8-25018BBA0F39}.Release|x64.ActiveCfg = Release|x64
		{C45EB523-11DC-4661-A3F8-25018BBA0F39}.Release|x64.Build.0 = Release|x64
		{C45EB523-11DC-4661-A3F8-25018BBA0F39}.ReleaseStrip|Any CPU.ActiveCfg = Release|Any CPU
		{C45EB523-11DC-4661-A3F8-25018BBA0F39}.ReleaseStrip|Any CPU.Build.0 = Release|Any CPU
		{C45EB523-11DC-4661-A3F8-25018BBA0F39}.ReleaseStrip|x64.ActiveCfg = Release|x64
		{C45EB523-11DC-4661-A3F8-25018BBA0F39}.ReleaseStrip|x64.Build.0 = Release|x64
		{C45EB523-11DC-4661-A3F8-25018BBA0F39}.ReleaseStripNoProfiling|Any CPU.ActiveCfg = Release|Any CPU
		{C45EB523-11DC-4661-A3F8-25018BBA0F39}.ReleaseStripNoProfiling|Any CPU.Build.0 = Release|Any CPU
		{C45EB523-11DC-4661-A3F8-25018BBA0F39}.ReleaseStripNoProfiling|x64.ActiveCfg = Release|x64
		{C45EB523-11DC-4661-A3F8-25018BBA0F39}.ReleaseStripNoProfiling|x64.Build.0 = Release|x64
		{16B3032C-FAE4-482E-9C90-7F4372029286}.Debug|Any CPU.ActiveCfg = Debug|Any CPU
		{16B3032C-FAE4-482E-9C90-7F4372029286}.Debug|Any CPU.Build.0 = Debug|Any CPU
		{16B3032C-FAE4-482E-9C90-7F4372029286}.Debug|x64.ActiveCfg = Debug|Any CPU
		{16B3032C-FAE4-482E-9C90-7F4372029286}.Debug|x64.Build.0 = Debug|Any CPU
		{16B3032C-FAE4-482E-9C90-7F4372029286}.Release|Any CPU.ActiveCfg = Release|Any CPU
		{16B3032C-FAE4-482E-9C90-7F4372029286}.Release|Any CPU.Build.0 = Release|Any CPU
		{16B3032C-FAE4-482E-9C90-7F4372029286}.Release|x64.ActiveCfg = Release|Any CPU
		{16B3032C-FAE4-482E-9C90-7F4372029286}.Release|x64.Build.0 = Release|Any CPU
		{16B3032C-FAE4-482E-9C90-7F4372029286}.ReleaseStrip|Any CPU.ActiveCfg = Release|Any CPU
		{16B3032C-FAE4-482E-9C90-7F4372029286}.ReleaseStrip|Any CPU.Build.0 = Release|Any CPU
		{16B3032C-FAE4-482E-9C90-7F4372029286}.ReleaseStrip|x64.ActiveCfg = Release|Any CPU
		{16B3032C-FAE4-482E-9C90-7F4372029286}.ReleaseStrip|x64.Build.0 = Release|Any CPU
		{16B3032C-FAE4-482E-9C90-7F4372029286}.ReleaseStripNoProfiling|Any CPU.ActiveCfg = Release|Any CPU
		{16B3032C-FAE4-482E-9C90-7F4372029286}.ReleaseStripNoProfiling|Any CPU.Build.0 = Release|Any CPU
		{16B3032C-FAE4-482E-9C90-7F4372029286}.ReleaseStripNoProfiling|x64.ActiveCfg = Release|Any CPU
		{16B3032C-FAE4-482E-9C90-7F4372029286}.ReleaseStripNoProfiling|x64.Build.0 = Release|Any CPU
		{FE76BC7D-BBF6-45EC-8D53-4C3A2519EF6B}.Debug|Any CPU.ActiveCfg = Debug|Any CPU
		{FE76BC7D-BBF6-45EC-8D53-4C3A2519EF6B}.Debug|Any CPU.Build.0 = Debug|Any CPU
		{FE76BC7D-BBF6-45EC-8D53-4C3A2519EF6B}.Debug|x64.ActiveCfg = Debug|x64
		{FE76BC7D-BBF6-45EC-8D53-4C3A2519EF6B}.Debug|x64.Build.0 = Debug|x64
		{FE76BC7D-BBF6-45EC-8D53-4C3A2519EF6B}.Release|Any CPU.ActiveCfg = Release|Any CPU
		{FE76BC7D-BBF6-45EC-8D53-4C3A2519EF6B}.Release|Any CPU.Build.0 = Release|Any CPU
		{FE76BC7D-BBF6-45EC-8D53-4C3A2519EF6B}.Release|x64.ActiveCfg = Release|x64
		{FE76BC7D-BBF6-45EC-8D53-4C3A2519EF6B}.Release|x64.Build.0 = Release|x64
		{FE76BC7D-BBF6-45EC-8D53-4C3A2519EF6B}.ReleaseStrip|Any CPU.ActiveCfg = Release|Any CPU
		{FE76BC7D-BBF6-45EC-8D53-4C3A2519EF6B}.ReleaseStrip|Any CPU.Build.0 = Release|Any CPU
		{FE76BC7D-BBF6-45EC-8D53-4C3A2519EF6B}.ReleaseStrip|x64.ActiveCfg = Release|x64
		{FE76BC7D-BBF6-45EC-8D53-4C3A2519EF6B}.ReleaseStrip|x64.Build.0 = Release|x64
		{FE76BC7D-BBF6-45EC-8D53-4C3A2519EF6B}.ReleaseStripNoProfiling|Any CPU.ActiveCfg = Release|Any CPU
		{FE76BC7D-BBF6-45EC-8D53-4C3A2519EF6B}.ReleaseStripNoProfiling|Any CPU.Build.0 = Release|Any CPU
		{FE76BC7D-BBF6-45EC-8D53-4C3A2519EF6B}.ReleaseStripNoProfiling|x64.ActiveCfg = Release|x64
		{FE76BC7D-BBF6-45EC-8D53-4C3A2519EF6B}.ReleaseStripNoProfiling|x64.Build.0 = Release|x64
		{DA720F52-2B23-4583-8CB4-33F62F42118D}.Debug|Any CPU.ActiveCfg = Debug|Any CPU
		{DA720F52-2B23-4583-8CB4-33F62F42118D}.Debug|Any CPU.Build.0 = Debug|Any CPU
		{DA720F52-2B23-4583-8CB4-33F62F42118D}.Debug|x64.ActiveCfg = Debug|x64
		{DA720F52-2B23-4583-8CB4-33F62F42118D}.Debug|x64.Build.0 = Debug|x64
		{DA720F52-2B23-4583-8CB4-33F62F42118D}.Release|Any CPU.ActiveCfg = Release|Any CPU
		{DA720F52-2B23-4583-8CB4-33F62F42118D}.Release|Any CPU.Build.0 = Release|Any CPU
		{DA720F52-2B23-4583-8CB4-33F62F42118D}.Release|x64.ActiveCfg = Release|x64
		{DA720F52-2B23-4583-8CB4-33F62F42118D}.Release|x64.Build.0 = Release|x64
		{DA720F52-2B23-4583-8CB4-33F62F42118D}.ReleaseStrip|Any CPU.ActiveCfg = Release|Any CPU
		{DA720F52-2B23-4583-8CB4-33F62F42118D}.ReleaseStrip|Any CPU.Build.0 = Release|Any CPU
		{DA720F52-2B23-4583-8CB4-33F62F42118D}.ReleaseStrip|x64.ActiveCfg = Release|x64
		{DA720F52-2B23-4583-8CB4-33F62F42118D}.ReleaseStrip|x64.Build.0 = Release|x64
		{DA720F52-2B23-4583-8CB4-33F62F42118D}.ReleaseStripNoProfiling|Any CPU.ActiveCfg = Release|Any CPU
		{DA720F52-2B23-4583-8CB4-33F62F42118D}.ReleaseStripNoProfiling|Any CPU.Build.0 = Release|Any CPU
		{DA720F52-2B23-4583-8CB4-33F62F42118D}.ReleaseStripNoProfiling|x64.ActiveCfg = Release|x64
		{DA720F52-2B23-4583-8CB4-33F62F42118D}.ReleaseStripNoProfiling|x64.Build.0 = Release|x64
		{336FEB8A-DE4F-4BDB-8322-FC594F19FEEF}.Debug|Any CPU.ActiveCfg = Debug|Any CPU
		{336FEB8A-DE4F-4BDB-8322-FC594F19FEEF}.Debug|Any CPU.Build.0 = Debug|Any CPU
		{336FEB8A-DE4F-4BDB-8322-FC594F19FEEF}.Debug|x64.ActiveCfg = Debug|x64
		{336FEB8A-DE4F-4BDB-8322-FC594F19FEEF}.Debug|x64.Build.0 = Debug|x64
		{336FEB8A-DE4F-4BDB-8322-FC594F19FEEF}.Release|Any CPU.ActiveCfg = Release|Any CPU
		{336FEB8A-DE4F-4BDB-8322-FC594F19FEEF}.Release|Any CPU.Build.0 = Release|Any CPU
		{336FEB8A-DE4F-4BDB-8322-FC594F19FEEF}.Release|x64.ActiveCfg = Release|x64
		{336FEB8A-DE4F-4BDB-8322-FC594F19FEEF}.Release|x64.Build.0 = Release|x64
		{336FEB8A-DE4F-4BDB-8322-FC594F19FEEF}.ReleaseStrip|Any CPU.ActiveCfg = Release|Any CPU
		{336FEB8A-DE4F-4BDB-8322-FC594F19FEEF}.ReleaseStrip|Any CPU.Build.0 = Release|Any CPU
		{336FEB8A-DE4F-4BDB-8322-FC594F19FEEF}.ReleaseStrip|x64.ActiveCfg = Release|x64
		{336FEB8A-DE4F-4BDB-8322-FC594F19FEEF}.ReleaseStrip|x64.Build.0 = Release|x64
		{336FEB8A-DE4F-4BDB-8322-FC594F19FEEF}.ReleaseStripNoProfiling|Any CPU.ActiveCfg = Release|Any CPU
		{336FEB8A-DE4F-4BDB-8322-FC594F19FEEF}.ReleaseStripNoProfiling|Any CPU.Build.0 = Release|Any CPU
		{336FEB8A-DE4F-4BDB-8322-FC594F19FEEF}.ReleaseStripNoProfiling|x64.ActiveCfg = Release|x64
		{336FEB8A-DE4F-4BDB-8322-FC594F19FEEF}.ReleaseStripNoProfiling|x64.Build.0 = Release|x64
		{EC8EDAE1-760F-425F-8CEB-3FCE8A7229A8}.Debug|Any CPU.ActiveCfg = Debug|Any CPU
		{EC8EDAE1-760F-425F-8CEB-3FCE8A7229A8}.Debug|Any CPU.Build.0 = Debug|Any CPU
		{EC8EDAE1-760F-425F-8CEB-3FCE8A7229A8}.Debug|x64.ActiveCfg = Debug|x64
		{EC8EDAE1-760F-425F-8CEB-3FCE8A7229A8}.Debug|x64.Build.0 = Debug|x64
		{EC8EDAE1-760F-425F-8CEB-3FCE8A7229A8}.Release|Any CPU.ActiveCfg = Release|Any CPU
		{EC8EDAE1-760F-425F-8CEB-3FCE8A7229A8}.Release|Any CPU.Build.0 = Release|Any CPU
		{EC8EDAE1-760F-425F-8CEB-3FCE8A7229A8}.Release|x64.ActiveCfg = Release|x64
		{EC8EDAE1-760F-425F-8CEB-3FCE8A7229A8}.Release|x64.Build.0 = Release|x64
		{EC8EDAE1-760F-425F-8CEB-3FCE8A7229A8}.ReleaseStrip|Any CPU.ActiveCfg = Release|Any CPU
		{EC8EDAE1-760F-425F-8CEB-3FCE8A7229A8}.ReleaseStrip|Any CPU.Build.0 = Release|Any CPU
		{EC8EDAE1-760F-425F-8CEB-3FCE8A7229A8}.ReleaseStrip|x64.ActiveCfg = Release|x64
		{EC8EDAE1-760F-425F-8CEB-3FCE8A7229A8}.ReleaseStrip|x64.Build.0 = Release|x64
		{EC8EDAE1-760F-425F-8CEB-3FCE8A7229A8}.ReleaseStripNoProfiling|Any CPU.ActiveCfg = Release|Any CPU
		{EC8EDAE1-760F-425F-8CEB-3FCE8A7229A8}.ReleaseStripNoProfiling|Any CPU.Build.0 = Release|Any CPU
		{EC8EDAE1-760F-425F-8CEB-3FCE8A7229A8}.ReleaseStripNoProfiling|x64.ActiveCfg = Release|x64
		{EC8EDAE1-760F-425F-8CEB-3FCE8A7229A8}.ReleaseStripNoProfiling|x64.Build.0 = Release|x64
		{3FC522C3-3533-4A12-A751-D784CB93FAF1}.Debug|Any CPU.ActiveCfg = Debug|Any CPU
		{3FC522C3-3533-4A12-A751-D784CB93FAF1}.Debug|Any CPU.Build.0 = Debug|Any CPU
		{3FC522C3-3533-4A12-A751-D784CB93FAF1}.Debug|x64.ActiveCfg = Debug|x64
		{3FC522C3-3533-4A12-A751-D784CB93FAF1}.Debug|x64.Build.0 = Debug|x64
		{3FC522C3-3533-4A12-A751-D784CB93FAF1}.Release|Any CPU.ActiveCfg = Release|Any CPU
		{3FC522C3-3533-4A12-A751-D784CB93FAF1}.Release|Any CPU.Build.0 = Release|Any CPU
		{3FC522C3-3533-4A12-A751-D784CB93FAF1}.Release|x64.ActiveCfg = Release|x64
		{3FC522C3-3533-4A12-A751-D784CB93FAF1}.Release|x64.Build.0 = Release|x64
		{3FC522C3-3533-4A12-A751-D784CB93FAF1}.ReleaseStrip|Any CPU.ActiveCfg = Release|Any CPU
		{3FC522C3-3533-4A12-A751-D784CB93FAF1}.ReleaseStrip|Any CPU.Build.0 = Release|Any CPU
		{3FC522C3-3533-4A12-A751-D784CB93FAF1}.ReleaseStrip|x64.ActiveCfg = Release|x64
		{3FC522C3-3533-4A12-A751-D784CB93FAF1}.ReleaseStrip|x64.Build.0 = Release|x64
		{3FC522C3-3533-4A12-A751-D784CB93FAF1}.ReleaseStripNoProfiling|Any CPU.ActiveCfg = Release|Any CPU
		{3FC522C3-3533-4A12-A751-D784CB93FAF1}.ReleaseStripNoProfiling|Any CPU.Build.0 = Release|Any CPU
		{3FC522C3-3533-4A12-A751-D784CB93FAF1}.ReleaseStripNoProfiling|x64.ActiveCfg = Release|x64
		{3FC522C3-3533-4A12-A751-D784CB93FAF1}.ReleaseStripNoProfiling|x64.Build.0 = Release|x64
		{DD2AF31B-F0DD-4BDD-A6EB-0D32FC8B6BB7}.Debug|Any CPU.ActiveCfg = Debug|Any CPU
		{DD2AF31B-F0DD-4BDD-A6EB-0D32FC8B6BB7}.Debug|Any CPU.Build.0 = Debug|Any CPU
		{DD2AF31B-F0DD-4BDD-A6EB-0D32FC8B6BB7}.Debug|x64.ActiveCfg = Debug|x64
		{DD2AF31B-F0DD-4BDD-A6EB-0D32FC8B6BB7}.Debug|x64.Build.0 = Debug|x64
		{DD2AF31B-F0DD-4BDD-A6EB-0D32FC8B6BB7}.Release|Any CPU.ActiveCfg = Release|Any CPU
		{DD2AF31B-F0DD-4BDD-A6EB-0D32FC8B6BB7}.Release|Any CPU.Build.0 = Release|Any CPU
		{DD2AF31B-F0DD-4BDD-A6EB-0D32FC8B6BB7}.Release|x64.ActiveCfg = Release|x64
		{DD2AF31B-F0DD-4BDD-A6EB-0D32FC8B6BB7}.Release|x64.Build.0 = Release|x64
		{DD2AF31B-F0DD-4BDD-A6EB-0D32FC8B6BB7}.ReleaseStrip|Any CPU.ActiveCfg = Release|Any CPU
		{DD2AF31B-F0DD-4BDD-A6EB-0D32FC8B6BB7}.ReleaseStrip|Any CPU.Build.0 = Release|Any CPU
		{DD2AF31B-F0DD-4BDD-A6EB-0D32FC8B6BB7}.ReleaseStrip|x64.ActiveCfg = Release|x64
		{DD2AF31B-F0DD-4BDD-A6EB-0D32FC8B6BB7}.ReleaseStrip|x64.Build.0 = Release|x64
		{DD2AF31B-F0DD-4BDD-A6EB-0D32FC8B6BB7}.ReleaseStripNoProfiling|Any CPU.ActiveCfg = Release|Any CPU
		{DD2AF31B-F0DD-4BDD-A6EB-0D32FC8B6BB7}.ReleaseStripNoProfiling|Any CPU.Build.0 = Release|Any CPU
		{DD2AF31B-F0DD-4BDD-A6EB-0D32FC8B6BB7}.ReleaseStripNoProfiling|x64.ActiveCfg = Release|x64
		{DD2AF31B-F0DD-4BDD-A6EB-0D32FC8B6BB7}.ReleaseStripNoProfiling|x64.Build.0 = Release|x64
		{56DC2D62-D62B-40E4-94E1-CA65493F2593}.Debug|Any CPU.ActiveCfg = Debug|Any CPU
		{56DC2D62-D62B-40E4-94E1-CA65493F2593}.Debug|Any CPU.Build.0 = Debug|Any CPU
		{56DC2D62-D62B-40E4-94E1-CA65493F2593}.Debug|x64.ActiveCfg = Debug|Any CPU
		{56DC2D62-D62B-40E4-94E1-CA65493F2593}.Debug|x64.Build.0 = Debug|Any CPU
		{56DC2D62-D62B-40E4-94E1-CA65493F2593}.Release|Any CPU.ActiveCfg = Release|Any CPU
		{56DC2D62-D62B-40E4-94E1-CA65493F2593}.Release|Any CPU.Build.0 = Release|Any CPU
		{56DC2D62-D62B-40E4-94E1-CA65493F2593}.Release|x64.ActiveCfg = Release|Any CPU
		{56DC2D62-D62B-40E4-94E1-CA65493F2593}.Release|x64.Build.0 = Release|Any CPU
		{56DC2D62-D62B-40E4-94E1-CA65493F2593}.ReleaseStrip|Any CPU.ActiveCfg = Release|Any CPU
		{56DC2D62-D62B-40E4-94E1-CA65493F2593}.ReleaseStrip|Any CPU.Build.0 = Release|Any CPU
		{56DC2D62-D62B-40E4-94E1-CA65493F2593}.ReleaseStrip|x64.ActiveCfg = Release|Any CPU
		{56DC2D62-D62B-40E4-94E1-CA65493F2593}.ReleaseStrip|x64.Build.0 = Release|Any CPU
		{56DC2D62-D62B-40E4-94E1-CA65493F2593}.ReleaseStripNoProfiling|Any CPU.ActiveCfg = Release|Any CPU
		{56DC2D62-D62B-40E4-94E1-CA65493F2593}.ReleaseStripNoProfiling|Any CPU.Build.0 = Release|Any CPU
		{56DC2D62-D62B-40E4-94E1-CA65493F2593}.ReleaseStripNoProfiling|x64.ActiveCfg = Release|Any CPU
		{56DC2D62-D62B-40E4-94E1-CA65493F2593}.ReleaseStripNoProfiling|x64.Build.0 = Release|Any CPU
		{D7A21D57-4A41-444B-9462-1F0CD9459E28}.Debug|Any CPU.ActiveCfg = Debug|Any CPU
		{D7A21D57-4A41-444B-9462-1F0CD9459E28}.Debug|Any CPU.Build.0 = Debug|Any CPU
		{D7A21D57-4A41-444B-9462-1F0CD9459E28}.Debug|x64.ActiveCfg = Debug|x64
		{D7A21D57-4A41-444B-9462-1F0CD9459E28}.Debug|x64.Build.0 = Debug|x64
		{D7A21D57-4A41-444B-9462-1F0CD9459E28}.Release|Any CPU.ActiveCfg = Release|Any CPU
		{D7A21D57-4A41-444B-9462-1F0CD9459E28}.Release|Any CPU.Build.0 = Release|Any CPU
		{D7A21D57-4A41-444B-9462-1F0CD9459E28}.Release|x64.ActiveCfg = Release|x64
		{D7A21D57-4A41-444B-9462-1F0CD9459E28}.Release|x64.Build.0 = Release|x64
		{D7A21D57-4A41-444B-9462-1F0CD9459E28}.ReleaseStrip|Any CPU.ActiveCfg = Release|Any CPU
		{D7A21D57-4A41-444B-9462-1F0CD9459E28}.ReleaseStrip|Any CPU.Build.0 = Release|Any CPU
		{D7A21D57-4A41-444B-9462-1F0CD9459E28}.ReleaseStrip|x64.ActiveCfg = Release|x64
		{D7A21D57-4A41-444B-9462-1F0CD9459E28}.ReleaseStrip|x64.Build.0 = Release|x64
		{D7A21D57-4A41-444B-9462-1F0CD9459E28}.ReleaseStripNoProfiling|Any CPU.ActiveCfg = Release|Any CPU
		{D7A21D57-4A41-444B-9462-1F0CD9459E28}.ReleaseStripNoProfiling|Any CPU.Build.0 = Release|Any CPU
		{D7A21D57-4A41-444B-9462-1F0CD9459E28}.ReleaseStripNoProfiling|x64.ActiveCfg = Release|x64
		{D7A21D57-4A41-444B-9462-1F0CD9459E28}.ReleaseStripNoProfiling|x64.Build.0 = Release|x64
		{5BC5CBFF-817B-4466-83B9-C2C6C5C3DBF8}.Debug|Any CPU.ActiveCfg = Debug|Any CPU
		{5BC5CBFF-817B-4466-83B9-C2C6C5C3DBF8}.Debug|Any CPU.Build.0 = Debug|Any CPU
		{5BC5CBFF-817B-4466-83B9-C2C6C5C3DBF8}.Debug|x64.ActiveCfg = Debug|Any CPU
		{5BC5CBFF-817B-4466-83B9-C2C6C5C3DBF8}.Debug|x64.Build.0 = Debug|Any CPU
		{5BC5CBFF-817B-4466-83B9-C2C6C5C3DBF8}.Release|Any CPU.ActiveCfg = Release|Any CPU
		{5BC5CBFF-817B-4466-83B9-C2C6C5C3DBF8}.Release|Any CPU.Build.0 = Release|Any CPU
		{5BC5CBFF-817B-4466-83B9-C2C6C5C3DBF8}.Release|x64.ActiveCfg = Release|Any CPU
		{5BC5CBFF-817B-4466-83B9-C2C6C5C3DBF8}.Release|x64.Build.0 = Release|Any CPU
		{5BC5CBFF-817B-4466-83B9-C2C6C5C3DBF8}.ReleaseStrip|Any CPU.ActiveCfg = Release|Any CPU
		{5BC5CBFF-817B-4466-83B9-C2C6C5C3DBF8}.ReleaseStrip|Any CPU.Build.0 = Release|Any CPU
		{5BC5CBFF-817B-4466-83B9-C2C6C5C3DBF8}.ReleaseStrip|x64.ActiveCfg = Release|Any CPU
		{5BC5CBFF-817B-4466-83B9-C2C6C5C3DBF8}.ReleaseStrip|x64.Build.0 = Release|Any CPU
		{5BC5CBFF-817B-4466-83B9-C2C6C5C3DBF8}.ReleaseStripNoProfiling|Any CPU.ActiveCfg = Release|Any CPU
		{5BC5CBFF-817B-4466-83B9-C2C6C5C3DBF8}.ReleaseStripNoProfiling|Any CPU.Build.0 = Release|Any CPU
		{5BC5CBFF-817B-4466-83B9-C2C6C5C3DBF8}.ReleaseStripNoProfiling|x64.ActiveCfg = Release|Any CPU
		{5BC5CBFF-817B-4466-83B9-C2C6C5C3DBF8}.ReleaseStripNoProfiling|x64.Build.0 = Release|Any CPU
		{587965D5-5CB2-434D-A8FF-D89E4D477C76}.Debug|Any CPU.ActiveCfg = Debug|Any CPU
		{587965D5-5CB2-434D-A8FF-D89E4D477C76}.Debug|Any CPU.Build.0 = Debug|Any CPU
		{587965D5-5CB2-434D-A8FF-D89E4D477C76}.Debug|x64.ActiveCfg = Debug|Any CPU
		{587965D5-5CB2-434D-A8FF-D89E4D477C76}.Debug|x64.Build.0 = Debug|Any CPU
		{587965D5-5CB2-434D-A8FF-D89E4D477C76}.Release|Any CPU.ActiveCfg = Release|Any CPU
		{587965D5-5CB2-434D-A8FF-D89E4D477C76}.Release|Any CPU.Build.0 = Release|Any CPU
		{587965D5-5CB2-434D-A8FF-D89E4D477C76}.Release|x64.ActiveCfg = Release|Any CPU
		{587965D5-5CB2-434D-A8FF-D89E4D477C76}.Release|x64.Build.0 = Release|Any CPU
		{587965D5-5CB2-434D-A8FF-D89E4D477C76}.ReleaseStrip|Any CPU.ActiveCfg = Release|Any CPU
		{587965D5-5CB2-434D-A8FF-D89E4D477C76}.ReleaseStrip|Any CPU.Build.0 = Release|Any CPU
		{587965D5-5CB2-434D-A8FF-D89E4D477C76}.ReleaseStrip|x64.ActiveCfg = Release|Any CPU
		{587965D5-5CB2-434D-A8FF-D89E4D477C76}.ReleaseStrip|x64.Build.0 = Release|Any CPU
		{587965D5-5CB2-434D-A8FF-D89E4D477C76}.ReleaseStripNoProfiling|Any CPU.ActiveCfg = Release|Any CPU
		{587965D5-5CB2-434D-A8FF-D89E4D477C76}.ReleaseStripNoProfiling|Any CPU.Build.0 = Release|Any CPU
		{587965D5-5CB2-434D-A8FF-D89E4D477C76}.ReleaseStripNoProfiling|x64.ActiveCfg = Release|Any CPU
		{587965D5-5CB2-434D-A8FF-D89E4D477C76}.ReleaseStripNoProfiling|x64.Build.0 = Release|Any CPU
		{10C05264-6B54-43A1-9684-1409F4CE824E}.Debug|Any CPU.ActiveCfg = Debug|Any CPU
		{10C05264-6B54-43A1-9684-1409F4CE824E}.Debug|Any CPU.Build.0 = Debug|Any CPU
		{10C05264-6B54-43A1-9684-1409F4CE824E}.Debug|x64.ActiveCfg = Debug|Any CPU
		{10C05264-6B54-43A1-9684-1409F4CE824E}.Debug|x64.Build.0 = Debug|Any CPU
		{10C05264-6B54-43A1-9684-1409F4CE824E}.Release|Any CPU.ActiveCfg = Release|Any CPU
		{10C05264-6B54-43A1-9684-1409F4CE824E}.Release|Any CPU.Build.0 = Release|Any CPU
		{10C05264-6B54-43A1-9684-1409F4CE824E}.Release|x64.ActiveCfg = Release|Any CPU
		{10C05264-6B54-43A1-9684-1409F4CE824E}.Release|x64.Build.0 = Release|Any CPU
		{10C05264-6B54-43A1-9684-1409F4CE824E}.ReleaseStrip|Any CPU.ActiveCfg = Release|Any CPU
		{10C05264-6B54-43A1-9684-1409F4CE824E}.ReleaseStrip|Any CPU.Build.0 = Release|Any CPU
		{10C05264-6B54-43A1-9684-1409F4CE824E}.ReleaseStrip|x64.ActiveCfg = Release|Any CPU
		{10C05264-6B54-43A1-9684-1409F4CE824E}.ReleaseStrip|x64.Build.0 = Release|Any CPU
		{10C05264-6B54-43A1-9684-1409F4CE824E}.ReleaseStripNoProfiling|Any CPU.ActiveCfg = Release|Any CPU
		{10C05264-6B54-43A1-9684-1409F4CE824E}.ReleaseStripNoProfiling|Any CPU.Build.0 = Release|Any CPU
		{10C05264-6B54-43A1-9684-1409F4CE824E}.ReleaseStripNoProfiling|x64.ActiveCfg = Release|Any CPU
		{10C05264-6B54-43A1-9684-1409F4CE824E}.ReleaseStripNoProfiling|x64.Build.0 = Release|Any CPU
		{21B3D8C2-8B6B-4EC0-8F99-14F1453F79D8}.Debug|Any CPU.ActiveCfg = Debug|Any CPU
		{21B3D8C2-8B6B-4EC0-8F99-14F1453F79D8}.Debug|Any CPU.Build.0 = Debug|Any CPU
		{21B3D8C2-8B6B-4EC0-8F99-14F1453F79D8}.Debug|x64.ActiveCfg = Debug|Any CPU
		{21B3D8C2-8B6B-4EC0-8F99-14F1453F79D8}.Debug|x64.Build.0 = Debug|Any CPU
		{21B3D8C2-8B6B-4EC0-8F99-14F1453F79D8}.Release|Any CPU.ActiveCfg = Release|Any CPU
		{21B3D8C2-8B6B-4EC0-8F99-14F1453F79D8}.Release|Any CPU.Build.0 = Release|Any CPU
		{21B3D8C2-8B6B-4EC0-8F99-14F1453F79D8}.Release|x64.ActiveCfg = Release|Any CPU
		{21B3D8C2-8B6B-4EC0-8F99-14F1453F79D8}.Release|x64.Build.0 = Release|Any CPU
		{21B3D8C2-8B6B-4EC0-8F99-14F1453F79D8}.ReleaseStrip|Any CPU.ActiveCfg = Release|Any CPU
		{21B3D8C2-8B6B-4EC0-8F99-14F1453F79D8}.ReleaseStrip|Any CPU.Build.0 = Release|Any CPU
		{21B3D8C2-8B6B-4EC0-8F99-14F1453F79D8}.ReleaseStrip|x64.ActiveCfg = Release|Any CPU
		{21B3D8C2-8B6B-4EC0-8F99-14F1453F79D8}.ReleaseStrip|x64.Build.0 = Release|Any CPU
		{21B3D8C2-8B6B-4EC0-8F99-14F1453F79D8}.ReleaseStripNoProfiling|Any CPU.ActiveCfg = Release|Any CPU
		{21B3D8C2-8B6B-4EC0-8F99-14F1453F79D8}.ReleaseStripNoProfiling|Any CPU.Build.0 = Release|Any CPU
		{21B3D8C2-8B6B-4EC0-8F99-14F1453F79D8}.ReleaseStripNoProfiling|x64.ActiveCfg = Release|Any CPU
		{21B3D8C2-8B6B-4EC0-8F99-14F1453F79D8}.ReleaseStripNoProfiling|x64.Build.0 = Release|Any CPU
		{A5051F73-93E6-4603-A8E8-F84F18425EAE}.Debug|Any CPU.ActiveCfg = Debug|Any CPU
		{A5051F73-93E6-4603-A8E8-F84F18425EAE}.Debug|Any CPU.Build.0 = Debug|Any CPU
		{A5051F73-93E6-4603-A8E8-F84F18425EAE}.Debug|x64.ActiveCfg = Debug|Any CPU
		{A5051F73-93E6-4603-A8E8-F84F18425EAE}.Debug|x64.Build.0 = Debug|Any CPU
		{A5051F73-93E6-4603-A8E8-F84F18425EAE}.Release|Any CPU.ActiveCfg = Release|Any CPU
		{A5051F73-93E6-4603-A8E8-F84F18425EAE}.Release|Any CPU.Build.0 = Release|Any CPU
		{A5051F73-93E6-4603-A8E8-F84F18425EAE}.Release|x64.ActiveCfg = Release|Any CPU
		{A5051F73-93E6-4603-A8E8-F84F18425EAE}.Release|x64.Build.0 = Release|Any CPU
		{A5051F73-93E6-4603-A8E8-F84F18425EAE}.ReleaseStrip|Any CPU.ActiveCfg = ReleaseStrip|Any CPU
		{A5051F73-93E6-4603-A8E8-F84F18425EAE}.ReleaseStrip|Any CPU.Build.0 = ReleaseStrip|Any CPU
		{A5051F73-93E6-4603-A8E8-F84F18425EAE}.ReleaseStrip|x64.ActiveCfg = ReleaseStrip|Any CPU
		{A5051F73-93E6-4603-A8E8-F84F18425EAE}.ReleaseStrip|x64.Build.0 = ReleaseStrip|Any CPU
		{A5051F73-93E6-4603-A8E8-F84F18425EAE}.ReleaseStripNoProfiling|Any CPU.ActiveCfg = ReleaseStrip|Any CPU
		{A5051F73-93E6-4603-A8E8-F84F18425EAE}.ReleaseStripNoProfiling|Any CPU.Build.0 = ReleaseStrip|Any CPU
		{A5051F73-93E6-4603-A8E8-F84F18425EAE}.ReleaseStripNoProfiling|x64.ActiveCfg = ReleaseStrip|Any CPU
		{A5051F73-93E6-4603-A8E8-F84F18425EAE}.ReleaseStripNoProfiling|x64.Build.0 = ReleaseStrip|Any CPU
		{BA020C9B-CA30-4E97-A0C6-F80591B41914}.Debug|Any CPU.ActiveCfg = Debug|Any CPU
		{BA020C9B-CA30-4E97-A0C6-F80591B41914}.Debug|Any CPU.Build.0 = Debug|Any CPU
		{BA020C9B-CA30-4E97-A0C6-F80591B41914}.Debug|x64.ActiveCfg = Debug|Any CPU
		{BA020C9B-CA30-4E97-A0C6-F80591B41914}.Debug|x64.Build.0 = Debug|Any CPU
		{BA020C9B-CA30-4E97-A0C6-F80591B41914}.Release|Any CPU.ActiveCfg = Release|Any CPU
		{BA020C9B-CA30-4E97-A0C6-F80591B41914}.Release|Any CPU.Build.0 = Release|Any CPU
		{BA020C9B-CA30-4E97-A0C6-F80591B41914}.Release|x64.ActiveCfg = Release|Any CPU
		{BA020C9B-CA30-4E97-A0C6-F80591B41914}.Release|x64.Build.0 = Release|Any CPU
		{BA020C9B-CA30-4E97-A0C6-F80591B41914}.ReleaseStrip|Any CPU.ActiveCfg = ReleaseStrip|Any CPU
		{BA020C9B-CA30-4E97-A0C6-F80591B41914}.ReleaseStrip|Any CPU.Build.0 = ReleaseStrip|Any CPU
		{BA020C9B-CA30-4E97-A0C6-F80591B41914}.ReleaseStrip|x64.ActiveCfg = ReleaseStrip|Any CPU
		{BA020C9B-CA30-4E97-A0C6-F80591B41914}.ReleaseStrip|x64.Build.0 = ReleaseStrip|Any CPU
		{BA020C9B-CA30-4E97-A0C6-F80591B41914}.ReleaseStripNoProfiling|Any CPU.ActiveCfg = ReleaseStripNoProfiling|Any CPU
		{BA020C9B-CA30-4E97-A0C6-F80591B41914}.ReleaseStripNoProfiling|Any CPU.Build.0 = ReleaseStripNoProfiling|Any CPU
		{BA020C9B-CA30-4E97-A0C6-F80591B41914}.ReleaseStripNoProfiling|x64.ActiveCfg = ReleaseStripNoProfiling|Any CPU
		{BA020C9B-CA30-4E97-A0C6-F80591B41914}.ReleaseStripNoProfiling|x64.Build.0 = ReleaseStripNoProfiling|Any CPU
		{9A8D7CCD-A3B0-4831-B5B7-038FF46C7AB2}.Debug|Any CPU.ActiveCfg = Debug|Any CPU
		{9A8D7CCD-A3B0-4831-B5B7-038FF46C7AB2}.Debug|Any CPU.Build.0 = Debug|Any CPU
		{9A8D7CCD-A3B0-4831-B5B7-038FF46C7AB2}.Debug|x64.ActiveCfg = Debug|Any CPU
		{9A8D7CCD-A3B0-4831-B5B7-038FF46C7AB2}.Debug|x64.Build.0 = Debug|Any CPU
		{9A8D7CCD-A3B0-4831-B5B7-038FF46C7AB2}.Release|Any CPU.ActiveCfg = Release|Any CPU
		{9A8D7CCD-A3B0-4831-B5B7-038FF46C7AB2}.Release|Any CPU.Build.0 = Release|Any CPU
		{9A8D7CCD-A3B0-4831-B5B7-038FF46C7AB2}.Release|x64.ActiveCfg = Release|Any CPU
		{9A8D7CCD-A3B0-4831-B5B7-038FF46C7AB2}.Release|x64.Build.0 = Release|Any CPU
		{9A8D7CCD-A3B0-4831-B5B7-038FF46C7AB2}.ReleaseStrip|Any CPU.ActiveCfg = Release|Any CPU
		{9A8D7CCD-A3B0-4831-B5B7-038FF46C7AB2}.ReleaseStrip|Any CPU.Build.0 = Release|Any CPU
		{9A8D7CCD-A3B0-4831-B5B7-038FF46C7AB2}.ReleaseStrip|x64.ActiveCfg = Release|Any CPU
		{9A8D7CCD-A3B0-4831-B5B7-038FF46C7AB2}.ReleaseStrip|x64.Build.0 = Release|Any CPU
		{9A8D7CCD-A3B0-4831-B5B7-038FF46C7AB2}.ReleaseStripNoProfiling|Any CPU.ActiveCfg = Release|Any CPU
		{9A8D7CCD-A3B0-4831-B5B7-038FF46C7AB2}.ReleaseStripNoProfiling|Any CPU.Build.0 = Release|Any CPU
		{9A8D7CCD-A3B0-4831-B5B7-038FF46C7AB2}.ReleaseStripNoProfiling|x64.ActiveCfg = Release|Any CPU
		{9A8D7CCD-A3B0-4831-B5B7-038FF46C7AB2}.ReleaseStripNoProfiling|x64.Build.0 = Release|Any CPU
		{A57BCD0B-26E7-40DA-A78E-F1473EFAEEC1}.Debug|Any CPU.ActiveCfg = Debug|Any CPU
		{A57BCD0B-26E7-40DA-A78E-F1473EFAEEC1}.Debug|Any CPU.Build.0 = Debug|Any CPU
		{A57BCD0B-26E7-40DA-A78E-F1473EFAEEC1}.Debug|x64.ActiveCfg = Debug|Any CPU
		{A57BCD0B-26E7-40DA-A78E-F1473EFAEEC1}.Debug|x64.Build.0 = Debug|Any CPU
		{A57BCD0B-26E7-40DA-A78E-F1473EFAEEC1}.Release|Any CPU.ActiveCfg = Release|Any CPU
		{A57BCD0B-26E7-40DA-A78E-F1473EFAEEC1}.Release|Any CPU.Build.0 = Release|Any CPU
		{A57BCD0B-26E7-40DA-A78E-F1473EFAEEC1}.Release|x64.ActiveCfg = Release|Any CPU
		{A57BCD0B-26E7-40DA-A78E-F1473EFAEEC1}.Release|x64.Build.0 = Release|Any CPU
		{A57BCD0B-26E7-40DA-A78E-F1473EFAEEC1}.ReleaseStrip|Any CPU.ActiveCfg = Release|Any CPU
		{A57BCD0B-26E7-40DA-A78E-F1473EFAEEC1}.ReleaseStrip|Any CPU.Build.0 = Release|Any CPU
		{A57BCD0B-26E7-40DA-A78E-F1473EFAEEC1}.ReleaseStrip|x64.ActiveCfg = Release|Any CPU
		{A57BCD0B-26E7-40DA-A78E-F1473EFAEEC1}.ReleaseStrip|x64.Build.0 = Release|Any CPU
		{A57BCD0B-26E7-40DA-A78E-F1473EFAEEC1}.ReleaseStripNoProfiling|Any CPU.ActiveCfg = Release|Any CPU
		{A57BCD0B-26E7-40DA-A78E-F1473EFAEEC1}.ReleaseStripNoProfiling|Any CPU.Build.0 = Release|Any CPU
		{A57BCD0B-26E7-40DA-A78E-F1473EFAEEC1}.ReleaseStripNoProfiling|x64.ActiveCfg = Release|Any CPU
		{A57BCD0B-26E7-40DA-A78E-F1473EFAEEC1}.ReleaseStripNoProfiling|x64.Build.0 = Release|Any CPU
		{3B85B3A4-F33A-40AF-8D45-C773416576F7}.Debug|Any CPU.ActiveCfg = Debug|Any CPU
		{3B85B3A4-F33A-40AF-8D45-C773416576F7}.Debug|Any CPU.Build.0 = Debug|Any CPU
		{3B85B3A4-F33A-40AF-8D45-C773416576F7}.Debug|x64.ActiveCfg = Debug|Any CPU
		{3B85B3A4-F33A-40AF-8D45-C773416576F7}.Debug|x64.Build.0 = Debug|Any CPU
		{3B85B3A4-F33A-40AF-8D45-C773416576F7}.Release|Any CPU.ActiveCfg = Release|Any CPU
		{3B85B3A4-F33A-40AF-8D45-C773416576F7}.Release|Any CPU.Build.0 = Release|Any CPU
		{3B85B3A4-F33A-40AF-8D45-C773416576F7}.Release|x64.ActiveCfg = Release|Any CPU
		{3B85B3A4-F33A-40AF-8D45-C773416576F7}.Release|x64.Build.0 = Release|Any CPU
		{3B85B3A4-F33A-40AF-8D45-C773416576F7}.ReleaseStrip|Any CPU.ActiveCfg = Release|Any CPU
		{3B85B3A4-F33A-40AF-8D45-C773416576F7}.ReleaseStrip|Any CPU.Build.0 = Release|Any CPU
		{3B85B3A4-F33A-40AF-8D45-C773416576F7}.ReleaseStrip|x64.ActiveCfg = Release|Any CPU
		{3B85B3A4-F33A-40AF-8D45-C773416576F7}.ReleaseStrip|x64.Build.0 = Release|Any CPU
		{3B85B3A4-F33A-40AF-8D45-C773416576F7}.ReleaseStripNoProfiling|Any CPU.ActiveCfg = Release|Any CPU
		{3B85B3A4-F33A-40AF-8D45-C773416576F7}.ReleaseStripNoProfiling|Any CPU.Build.0 = Release|Any CPU
		{3B85B3A4-F33A-40AF-8D45-C773416576F7}.ReleaseStripNoProfiling|x64.ActiveCfg = Release|Any CPU
		{3B85B3A4-F33A-40AF-8D45-C773416576F7}.ReleaseStripNoProfiling|x64.Build.0 = Release|Any CPU
		{38BE8566-0F54-4E3A-9BCF-99E055A19EEA}.Debug|Any CPU.ActiveCfg = Debug|Any CPU
		{38BE8566-0F54-4E3A-9BCF-99E055A19EEA}.Debug|Any CPU.Build.0 = Debug|Any CPU
		{38BE8566-0F54-4E3A-9BCF-99E055A19EEA}.Debug|x64.ActiveCfg = Debug|Any CPU
		{38BE8566-0F54-4E3A-9BCF-99E055A19EEA}.Debug|x64.Build.0 = Debug|Any CPU
		{38BE8566-0F54-4E3A-9BCF-99E055A19EEA}.Release|Any CPU.ActiveCfg = Release|Any CPU
		{38BE8566-0F54-4E3A-9BCF-99E055A19EEA}.Release|Any CPU.Build.0 = Release|Any CPU
		{38BE8566-0F54-4E3A-9BCF-99E055A19EEA}.Release|x64.ActiveCfg = Release|Any CPU
		{38BE8566-0F54-4E3A-9BCF-99E055A19EEA}.Release|x64.Build.0 = Release|Any CPU
		{38BE8566-0F54-4E3A-9BCF-99E055A19EEA}.ReleaseStrip|Any CPU.ActiveCfg = Release|Any CPU
		{38BE8566-0F54-4E3A-9BCF-99E055A19EEA}.ReleaseStrip|Any CPU.Build.0 = Release|Any CPU
		{38BE8566-0F54-4E3A-9BCF-99E055A19EEA}.ReleaseStrip|x64.ActiveCfg = Release|Any CPU
		{38BE8566-0F54-4E3A-9BCF-99E055A19EEA}.ReleaseStrip|x64.Build.0 = Release|Any CPU
		{38BE8566-0F54-4E3A-9BCF-99E055A19EEA}.ReleaseStripNoProfiling|Any CPU.ActiveCfg = Release|Any CPU
		{38BE8566-0F54-4E3A-9BCF-99E055A19EEA}.ReleaseStripNoProfiling|Any CPU.Build.0 = Release|Any CPU
		{38BE8566-0F54-4E3A-9BCF-99E055A19EEA}.ReleaseStripNoProfiling|x64.ActiveCfg = Release|Any CPU
		{38BE8566-0F54-4E3A-9BCF-99E055A19EEA}.ReleaseStripNoProfiling|x64.Build.0 = Release|Any CPU
		{FDD1C997-A0DC-479C-94AF-4A2EC44D72E6}.Debug|Any CPU.ActiveCfg = Debug|Any CPU
		{FDD1C997-A0DC-479C-94AF-4A2EC44D72E6}.Debug|Any CPU.Build.0 = Debug|Any CPU
		{FDD1C997-A0DC-479C-94AF-4A2EC44D72E6}.Debug|x64.ActiveCfg = Debug|Any CPU
		{FDD1C997-A0DC-479C-94AF-4A2EC44D72E6}.Debug|x64.Build.0 = Debug|Any CPU
		{FDD1C997-A0DC-479C-94AF-4A2EC44D72E6}.Release|Any CPU.ActiveCfg = Release|Any CPU
		{FDD1C997-A0DC-479C-94AF-4A2EC44D72E6}.Release|Any CPU.Build.0 = Release|Any CPU
		{FDD1C997-A0DC-479C-94AF-4A2EC44D72E6}.Release|x64.ActiveCfg = Release|Any CPU
		{FDD1C997-A0DC-479C-94AF-4A2EC44D72E6}.Release|x64.Build.0 = Release|Any CPU
		{FDD1C997-A0DC-479C-94AF-4A2EC44D72E6}.ReleaseStrip|Any CPU.ActiveCfg = Release|Any CPU
		{FDD1C997-A0DC-479C-94AF-4A2EC44D72E6}.ReleaseStrip|Any CPU.Build.0 = Release|Any CPU
		{FDD1C997-A0DC-479C-94AF-4A2EC44D72E6}.ReleaseStrip|x64.ActiveCfg = Release|Any CPU
		{FDD1C997-A0DC-479C-94AF-4A2EC44D72E6}.ReleaseStrip|x64.Build.0 = Release|Any CPU
		{FDD1C997-A0DC-479C-94AF-4A2EC44D72E6}.ReleaseStripNoProfiling|Any CPU.ActiveCfg = Release|Any CPU
		{FDD1C997-A0DC-479C-94AF-4A2EC44D72E6}.ReleaseStripNoProfiling|Any CPU.Build.0 = Release|Any CPU
		{FDD1C997-A0DC-479C-94AF-4A2EC44D72E6}.ReleaseStripNoProfiling|x64.ActiveCfg = Release|Any CPU
		{FDD1C997-A0DC-479C-94AF-4A2EC44D72E6}.ReleaseStripNoProfiling|x64.Build.0 = Release|Any CPU
	EndGlobalSection
	GlobalSection(SolutionProperties) = preSolution
		HideSolutionNode = FALSE
	EndGlobalSection
	GlobalSection(NestedProjects) = preSolution
		{F2930EC2-D0F3-45B9-9ACC-EAD1A88426B3} = {0A9EA73A-AF26-4386-AEC1-640B13487949}
		{C45EB523-11DC-4661-A3F8-25018BBA0F39} = {0A9EA73A-AF26-4386-AEC1-640B13487949}
		{16B3032C-FAE4-482E-9C90-7F4372029286} = {EB7E6C57-7FB2-4874-8B8F-F082E42F0FA7}
		{FE76BC7D-BBF6-45EC-8D53-4C3A2519EF6B} = {1E3E4399-C97C-4FF2-814A-9BED419FF135}
		{336FEB8A-DE4F-4BDB-8322-FC594F19FEEF} = {85C13EB4-818C-4F79-B616-9C8EDDD234B2}
		{EC8EDAE1-760F-425F-8CEB-3FCE8A7229A8} = {1E3E4399-C97C-4FF2-814A-9BED419FF135}
		{3FC522C3-3533-4A12-A751-D784CB93FAF1} = {85C13EB4-818C-4F79-B616-9C8EDDD234B2}
		{DD2AF31B-F0DD-4BDD-A6EB-0D32FC8B6BB7} = {85C13EB4-818C-4F79-B616-9C8EDDD234B2}
		{56DC2D62-D62B-40E4-94E1-CA65493F2593} = {B58325C1-470C-4F6A-8409-D14D71D40DED}
		{D7A21D57-4A41-444B-9462-1F0CD9459E28} = {85C13EB4-818C-4F79-B616-9C8EDDD234B2}
		{5BC5CBFF-817B-4466-83B9-C2C6C5C3DBF8} = {B58325C1-470C-4F6A-8409-D14D71D40DED}
		{587965D5-5CB2-434D-A8FF-D89E4D477C76} = {B58325C1-470C-4F6A-8409-D14D71D40DED}
		{10C05264-6B54-43A1-9684-1409F4CE824E} = {B58325C1-470C-4F6A-8409-D14D71D40DED}
		{21B3D8C2-8B6B-4EC0-8F99-14F1453F79D8} = {B58325C1-470C-4F6A-8409-D14D71D40DED}
		{A5051F73-93E6-4603-A8E8-F84F18425EAE} = {EB7E6C57-7FB2-4874-8B8F-F082E42F0FA7}
		{BA020C9B-CA30-4E97-A0C6-F80591B41914} = {EB7E6C57-7FB2-4874-8B8F-F082E42F0FA7}
		{9A8D7CCD-A3B0-4831-B5B7-038FF46C7AB2} = {0A9EA73A-AF26-4386-AEC1-640B13487949}
		{A57BCD0B-26E7-40DA-A78E-F1473EFAEEC1} = {0A9EA73A-AF26-4386-AEC1-640B13487949}
		{3B85B3A4-F33A-40AF-8D45-C773416576F7} = {1E3E4399-C97C-4FF2-814A-9BED419FF135}
		{38BE8566-0F54-4E3A-9BCF-99E055A19EEA} = {0A9EA73A-AF26-4386-AEC1-640B13487949}
		{FDD1C997-A0DC-479C-94AF-4A2EC44D72E6} = {B58325C1-470C-4F6A-8409-D14D71D40DED}
	EndGlobalSection
	GlobalSection(ExtensibilityGlobals) = postSolution
		SolutionGuid = {A6894B51-5773-4C78-8BDA-83890B33A851}
	EndGlobalSection
EndGlobal
