
Microsoft Visual Studio Solution File, Format Version 12.00
# Visual Studio Version 16
VisualStudioVersion = 16.0.29613.14
MinimumVisualStudioVersion = 10.0.40219.1
Project("{2150E333-8FDC-42A3-9474-1A3956D46DE8}") = "shared", "shared", "{0A9EA73A-AF26-4386-AEC1-640B13487949}"
EndProject
Project("{2150E333-8FDC-42A3-9474-1A3956D46DE8}") = "net_core", "net_core", "{B58325C1-470C-4F6A-8409-D14D71D40DED}"
EndProject
Project("{9A19103F-16F7-4668-BE54-9A1E7A4F7556}") = "D3DLab.Viewer", "D3DLab.Viewer\D3DLab.Viewer.csproj", "{56DC2D62-D62B-40E4-94E1-CA65493F2593}"
EndProject
Project("{9A19103F-16F7-4668-BE54-9A1E7A4F7556}") = "D3DLab.NUnitTests", "D3DLab.NUnitTests\D3DLab.NUnitTests.csproj", "{2F6ACA79-242D-4E68-BA9F-AEEA570B1689}"
EndProject
Project("{9A19103F-16F7-4668-BE54-9A1E7A4F7556}") = "D3DLab.ConsoleTests", "D3DLab.ConsoleTests\D3DLab.ConsoleTests.csproj", "{B41F220B-B425-4C17-A698-52909548EADC}"
EndProject
Project("{9A19103F-16F7-4668-BE54-9A1E7A4F7556}") = "D3DLab.FileFormats", "D3DLab.FileFormats\D3DLab.FileFormats.csproj", "{AC6C0201-65E2-42F5-8978-F9D04DF1989C}"
EndProject
Project("{9A19103F-16F7-4668-BE54-9A1E7A4F7556}") = "D3DLab.Toolkit", "D3DLab.Toolkit\D3DLab.Toolkit.csproj", "{728053D1-ABF4-4E66-9463-28C9FFFAD79B}"
EndProject
Project("{9A19103F-16F7-4668-BE54-9A1E7A4F7556}") = "D3DLab.ECS", "D3DLab.ECS\D3DLab.ECS.csproj", "{8D8A8247-8540-481F-BDF2-7DBDA9E6B0FA}"
EndProject
Project("{9A19103F-16F7-4668-BE54-9A1E7A4F7556}") = "D3DLab.SDX.Engine", "D3DLab.SDX.Engine\D3DLab.SDX.Engine.csproj", "{D38E51B5-4979-4E5E-889C-9969BF4C915A}"
EndProject
Project("{9A19103F-16F7-4668-BE54-9A1E7A4F7556}") = "WPFLab", "..\WPFLab\WPFLab.csproj", "{B5227FD1-AF7D-42D7-9806-66B6112475D5}"
EndProject
Global
	GlobalSection(SolutionConfigurationPlatforms) = preSolution
		Debug|Any CPU = Debug|Any CPU
		Debug|x64 = Debug|x64
		Debug|x86 = Debug|x86
		Release|Any CPU = Release|Any CPU
		Release|x64 = Release|x64
		Release|x86 = Release|x86
		ReleaseStrip|Any CPU = ReleaseStrip|Any CPU
		ReleaseStrip|x64 = ReleaseStrip|x64
		ReleaseStrip|x86 = ReleaseStrip|x86
		ReleaseStripNoProfiling|Any CPU = ReleaseStripNoProfiling|Any CPU
		ReleaseStripNoProfiling|x64 = ReleaseStripNoProfiling|x64
		ReleaseStripNoProfiling|x86 = ReleaseStripNoProfiling|x86
	EndGlobalSection
	GlobalSection(ProjectConfigurationPlatforms) = postSolution
		{56DC2D62-D62B-40E4-94E1-CA65493F2593}.Debug|Any CPU.ActiveCfg = Debug|Any CPU
		{56DC2D62-D62B-40E4-94E1-CA65493F2593}.Debug|Any CPU.Build.0 = Debug|Any CPU
		{56DC2D62-D62B-40E4-94E1-CA65493F2593}.Debug|x64.ActiveCfg = Debug|Any CPU
		{56DC2D62-D62B-40E4-94E1-CA65493F2593}.Debug|x64.Build.0 = Debug|Any CPU
		{56DC2D62-D62B-40E4-94E1-CA65493F2593}.Debug|x86.ActiveCfg = Debug|Any CPU
		{56DC2D62-D62B-40E4-94E1-CA65493F2593}.Debug|x86.Build.0 = Debug|Any CPU
		{56DC2D62-D62B-40E4-94E1-CA65493F2593}.Release|Any CPU.ActiveCfg = Release|Any CPU
		{56DC2D62-D62B-40E4-94E1-CA65493F2593}.Release|Any CPU.Build.0 = Release|Any CPU
		{56DC2D62-D62B-40E4-94E1-CA65493F2593}.Release|x64.ActiveCfg = Release|Any CPU
		{56DC2D62-D62B-40E4-94E1-CA65493F2593}.Release|x64.Build.0 = Release|Any CPU
		{56DC2D62-D62B-40E4-94E1-CA65493F2593}.Release|x86.ActiveCfg = Release|Any CPU
		{56DC2D62-D62B-40E4-94E1-CA65493F2593}.Release|x86.Build.0 = Release|Any CPU
		{56DC2D62-D62B-40E4-94E1-CA65493F2593}.ReleaseStrip|Any CPU.ActiveCfg = Release|Any CPU
		{56DC2D62-D62B-40E4-94E1-CA65493F2593}.ReleaseStrip|Any CPU.Build.0 = Release|Any CPU
		{56DC2D62-D62B-40E4-94E1-CA65493F2593}.ReleaseStrip|x64.ActiveCfg = Release|Any CPU
		{56DC2D62-D62B-40E4-94E1-CA65493F2593}.ReleaseStrip|x64.Build.0 = Release|Any CPU
		{56DC2D62-D62B-40E4-94E1-CA65493F2593}.ReleaseStrip|x86.ActiveCfg = Release|Any CPU
		{56DC2D62-D62B-40E4-94E1-CA65493F2593}.ReleaseStrip|x86.Build.0 = Release|Any CPU
		{56DC2D62-D62B-40E4-94E1-CA65493F2593}.ReleaseStripNoProfiling|Any CPU.ActiveCfg = Release|Any CPU
		{56DC2D62-D62B-40E4-94E1-CA65493F2593}.ReleaseStripNoProfiling|Any CPU.Build.0 = Release|Any CPU
		{56DC2D62-D62B-40E4-94E1-CA65493F2593}.ReleaseStripNoProfiling|x64.ActiveCfg = Release|Any CPU
		{56DC2D62-D62B-40E4-94E1-CA65493F2593}.ReleaseStripNoProfiling|x64.Build.0 = Release|Any CPU
		{56DC2D62-D62B-40E4-94E1-CA65493F2593}.ReleaseStripNoProfiling|x86.ActiveCfg = Release|Any CPU
		{56DC2D62-D62B-40E4-94E1-CA65493F2593}.ReleaseStripNoProfiling|x86.Build.0 = Release|Any CPU
		{2F6ACA79-242D-4E68-BA9F-AEEA570B1689}.Debug|Any CPU.ActiveCfg = Debug|Any CPU
		{2F6ACA79-242D-4E68-BA9F-AEEA570B1689}.Debug|Any CPU.Build.0 = Debug|Any CPU
		{2F6ACA79-242D-4E68-BA9F-AEEA570B1689}.Debug|x64.ActiveCfg = Debug|Any CPU
		{2F6ACA79-242D-4E68-BA9F-AEEA570B1689}.Debug|x64.Build.0 = Debug|Any CPU
		{2F6ACA79-242D-4E68-BA9F-AEEA570B1689}.Debug|x86.ActiveCfg = Debug|Any CPU
		{2F6ACA79-242D-4E68-BA9F-AEEA570B1689}.Debug|x86.Build.0 = Debug|Any CPU
		{2F6ACA79-242D-4E68-BA9F-AEEA570B1689}.Release|Any CPU.ActiveCfg = Release|Any CPU
		{2F6ACA79-242D-4E68-BA9F-AEEA570B1689}.Release|Any CPU.Build.0 = Release|Any CPU
		{2F6ACA79-242D-4E68-BA9F-AEEA570B1689}.Release|x64.ActiveCfg = Release|Any CPU
		{2F6ACA79-242D-4E68-BA9F-AEEA570B1689}.Release|x64.Build.0 = Release|Any CPU
		{2F6ACA79-242D-4E68-BA9F-AEEA570B1689}.Release|x86.ActiveCfg = Release|Any CPU
		{2F6ACA79-242D-4E68-BA9F-AEEA570B1689}.Release|x86.Build.0 = Release|Any CPU
		{2F6ACA79-242D-4E68-BA9F-AEEA570B1689}.ReleaseStrip|Any CPU.ActiveCfg = Release|Any CPU
		{2F6ACA79-242D-4E68-BA9F-AEEA570B1689}.ReleaseStrip|Any CPU.Build.0 = Release|Any CPU
		{2F6ACA79-242D-4E68-BA9F-AEEA570B1689}.ReleaseStrip|x64.ActiveCfg = Release|Any CPU
		{2F6ACA79-242D-4E68-BA9F-AEEA570B1689}.ReleaseStrip|x64.Build.0 = Release|Any CPU
		{2F6ACA79-242D-4E68-BA9F-AEEA570B1689}.ReleaseStrip|x86.ActiveCfg = Release|Any CPU
		{2F6ACA79-242D-4E68-BA9F-AEEA570B1689}.ReleaseStrip|x86.Build.0 = Release|Any CPU
		{2F6ACA79-242D-4E68-BA9F-AEEA570B1689}.ReleaseStripNoProfiling|Any CPU.ActiveCfg = Release|Any CPU
		{2F6ACA79-242D-4E68-BA9F-AEEA570B1689}.ReleaseStripNoProfiling|Any CPU.Build.0 = Release|Any CPU
		{2F6ACA79-242D-4E68-BA9F-AEEA570B1689}.ReleaseStripNoProfiling|x64.ActiveCfg = Release|Any CPU
		{2F6ACA79-242D-4E68-BA9F-AEEA570B1689}.ReleaseStripNoProfiling|x64.Build.0 = Release|Any CPU
		{2F6ACA79-242D-4E68-BA9F-AEEA570B1689}.ReleaseStripNoProfiling|x86.ActiveCfg = Release|Any CPU
		{2F6ACA79-242D-4E68-BA9F-AEEA570B1689}.ReleaseStripNoProfiling|x86.Build.0 = Release|Any CPU
		{B41F220B-B425-4C17-A698-52909548EADC}.Debug|Any CPU.ActiveCfg = Debug|Any CPU
		{B41F220B-B425-4C17-A698-52909548EADC}.Debug|Any CPU.Build.0 = Debug|Any CPU
		{B41F220B-B425-4C17-A698-52909548EADC}.Debug|x64.ActiveCfg = Debug|Any CPU
		{B41F220B-B425-4C17-A698-52909548EADC}.Debug|x64.Build.0 = Debug|Any CPU
		{B41F220B-B425-4C17-A698-52909548EADC}.Debug|x86.ActiveCfg = Debug|Any CPU
		{B41F220B-B425-4C17-A698-52909548EADC}.Debug|x86.Build.0 = Debug|Any CPU
		{B41F220B-B425-4C17-A698-52909548EADC}.Release|Any CPU.ActiveCfg = Release|Any CPU
		{B41F220B-B425-4C17-A698-52909548EADC}.Release|Any CPU.Build.0 = Release|Any CPU
		{B41F220B-B425-4C17-A698-52909548EADC}.Release|x64.ActiveCfg = Release|Any CPU
		{B41F220B-B425-4C17-A698-52909548EADC}.Release|x64.Build.0 = Release|Any CPU
		{B41F220B-B425-4C17-A698-52909548EADC}.Release|x86.ActiveCfg = Release|Any CPU
		{B41F220B-B425-4C17-A698-52909548EADC}.Release|x86.Build.0 = Release|Any CPU
		{B41F220B-B425-4C17-A698-52909548EADC}.ReleaseStrip|Any CPU.ActiveCfg = Release|Any CPU
		{B41F220B-B425-4C17-A698-52909548EADC}.ReleaseStrip|Any CPU.Build.0 = Release|Any CPU
		{B41F220B-B425-4C17-A698-52909548EADC}.ReleaseStrip|x64.ActiveCfg = Release|Any CPU
		{B41F220B-B425-4C17-A698-52909548EADC}.ReleaseStrip|x64.Build.0 = Release|Any CPU
		{B41F220B-B425-4C17-A698-52909548EADC}.ReleaseStrip|x86.ActiveCfg = Release|Any CPU
		{B41F220B-B425-4C17-A698-52909548EADC}.ReleaseStrip|x86.Build.0 = Release|Any CPU
		{B41F220B-B425-4C17-A698-52909548EADC}.ReleaseStripNoProfiling|Any CPU.ActiveCfg = Release|Any CPU
		{B41F220B-B425-4C17-A698-52909548EADC}.ReleaseStripNoProfiling|Any CPU.Build.0 = Release|Any CPU
		{B41F220B-B425-4C17-A698-52909548EADC}.ReleaseStripNoProfiling|x64.ActiveCfg = Release|Any CPU
		{B41F220B-B425-4C17-A698-52909548EADC}.ReleaseStripNoProfiling|x64.Build.0 = Release|Any CPU
		{B41F220B-B425-4C17-A698-52909548EADC}.ReleaseStripNoProfiling|x86.ActiveCfg = Release|Any CPU
		{B41F220B-B425-4C17-A698-52909548EADC}.ReleaseStripNoProfiling|x86.Build.0 = Release|Any CPU
		{AC6C0201-65E2-42F5-8978-F9D04DF1989C}.Debug|Any CPU.ActiveCfg = Debug|Any CPU
		{AC6C0201-65E2-42F5-8978-F9D04DF1989C}.Debug|Any CPU.Build.0 = Debug|Any CPU
		{AC6C0201-65E2-42F5-8978-F9D04DF1989C}.Debug|x64.ActiveCfg = Debug|Any CPU
		{AC6C0201-65E2-42F5-8978-F9D04DF1989C}.Debug|x64.Build.0 = Debug|Any CPU
		{AC6C0201-65E2-42F5-8978-F9D04DF1989C}.Debug|x86.ActiveCfg = Debug|Any CPU
		{AC6C0201-65E2-42F5-8978-F9D04DF1989C}.Debug|x86.Build.0 = Debug|Any CPU
		{AC6C0201-65E2-42F5-8978-F9D04DF1989C}.Release|Any CPU.ActiveCfg = Release|Any CPU
		{AC6C0201-65E2-42F5-8978-F9D04DF1989C}.Release|Any CPU.Build.0 = Release|Any CPU
		{AC6C0201-65E2-42F5-8978-F9D04DF1989C}.Release|x64.ActiveCfg = Release|Any CPU
		{AC6C0201-65E2-42F5-8978-F9D04DF1989C}.Release|x64.Build.0 = Release|Any CPU
		{AC6C0201-65E2-42F5-8978-F9D04DF1989C}.Release|x86.ActiveCfg = Release|Any CPU
		{AC6C0201-65E2-42F5-8978-F9D04DF1989C}.Release|x86.Build.0 = Release|Any CPU
		{AC6C0201-65E2-42F5-8978-F9D04DF1989C}.ReleaseStrip|Any CPU.ActiveCfg = Release|Any CPU
		{AC6C0201-65E2-42F5-8978-F9D04DF1989C}.ReleaseStrip|Any CPU.Build.0 = Release|Any CPU
		{AC6C0201-65E2-42F5-8978-F9D04DF1989C}.ReleaseStrip|x64.ActiveCfg = Release|Any CPU
		{AC6C0201-65E2-42F5-8978-F9D04DF1989C}.ReleaseStrip|x64.Build.0 = Release|Any CPU
		{AC6C0201-65E2-42F5-8978-F9D04DF1989C}.ReleaseStrip|x86.ActiveCfg = Release|Any CPU
		{AC6C0201-65E2-42F5-8978-F9D04DF1989C}.ReleaseStrip|x86.Build.0 = Release|Any CPU
		{AC6C0201-65E2-42F5-8978-F9D04DF1989C}.ReleaseStripNoProfiling|Any CPU.ActiveCfg = Release|Any CPU
		{AC6C0201-65E2-42F5-8978-F9D04DF1989C}.ReleaseStripNoProfiling|Any CPU.Build.0 = Release|Any CPU
		{AC6C0201-65E2-42F5-8978-F9D04DF1989C}.ReleaseStripNoProfiling|x64.ActiveCfg = Release|Any CPU
		{AC6C0201-65E2-42F5-8978-F9D04DF1989C}.ReleaseStripNoProfiling|x64.Build.0 = Release|Any CPU
		{AC6C0201-65E2-42F5-8978-F9D04DF1989C}.ReleaseStripNoProfiling|x86.ActiveCfg = Release|Any CPU
		{AC6C0201-65E2-42F5-8978-F9D04DF1989C}.ReleaseStripNoProfiling|x86.Build.0 = Release|Any CPU
		{728053D1-ABF4-4E66-9463-28C9FFFAD79B}.Debug|Any CPU.ActiveCfg = Debug|Any CPU
		{728053D1-ABF4-4E66-9463-28C9FFFAD79B}.Debug|Any CPU.Build.0 = Debug|Any CPU
		{728053D1-ABF4-4E66-9463-28C9FFFAD79B}.Debug|x64.ActiveCfg = Debug|Any CPU
		{728053D1-ABF4-4E66-9463-28C9FFFAD79B}.Debug|x64.Build.0 = Debug|Any CPU
		{728053D1-ABF4-4E66-9463-28C9FFFAD79B}.Debug|x86.ActiveCfg = Debug|Any CPU
		{728053D1-ABF4-4E66-9463-28C9FFFAD79B}.Debug|x86.Build.0 = Debug|Any CPU
		{728053D1-ABF4-4E66-9463-28C9FFFAD79B}.Release|Any CPU.ActiveCfg = Release|Any CPU
		{728053D1-ABF4-4E66-9463-28C9FFFAD79B}.Release|Any CPU.Build.0 = Release|Any CPU
		{728053D1-ABF4-4E66-9463-28C9FFFAD79B}.Release|x64.ActiveCfg = Release|Any CPU
		{728053D1-ABF4-4E66-9463-28C9FFFAD79B}.Release|x64.Build.0 = Release|Any CPU
		{728053D1-ABF4-4E66-9463-28C9FFFAD79B}.Release|x86.ActiveCfg = Release|Any CPU
		{728053D1-ABF4-4E66-9463-28C9FFFAD79B}.Release|x86.Build.0 = Release|Any CPU
		{728053D1-ABF4-4E66-9463-28C9FFFAD79B}.ReleaseStrip|Any CPU.ActiveCfg = Release|Any CPU
		{728053D1-ABF4-4E66-9463-28C9FFFAD79B}.ReleaseStrip|Any CPU.Build.0 = Release|Any CPU
		{728053D1-ABF4-4E66-9463-28C9FFFAD79B}.ReleaseStrip|x64.ActiveCfg = Release|Any CPU
		{728053D1-ABF4-4E66-9463-28C9FFFAD79B}.ReleaseStrip|x64.Build.0 = Release|Any CPU
		{728053D1-ABF4-4E66-9463-28C9FFFAD79B}.ReleaseStrip|x86.ActiveCfg = Release|Any CPU
		{728053D1-ABF4-4E66-9463-28C9FFFAD79B}.ReleaseStrip|x86.Build.0 = Release|Any CPU
		{728053D1-ABF4-4E66-9463-28C9FFFAD79B}.ReleaseStripNoProfiling|Any CPU.ActiveCfg = Release|Any CPU
		{728053D1-ABF4-4E66-9463-28C9FFFAD79B}.ReleaseStripNoProfiling|Any CPU.Build.0 = Release|Any CPU
		{728053D1-ABF4-4E66-9463-28C9FFFAD79B}.ReleaseStripNoProfiling|x64.ActiveCfg = Release|Any CPU
		{728053D1-ABF4-4E66-9463-28C9FFFAD79B}.ReleaseStripNoProfiling|x64.Build.0 = Release|Any CPU
		{728053D1-ABF4-4E66-9463-28C9FFFAD79B}.ReleaseStripNoProfiling|x86.ActiveCfg = Release|Any CPU
		{728053D1-ABF4-4E66-9463-28C9FFFAD79B}.ReleaseStripNoProfiling|x86.Build.0 = Release|Any CPU
		{8D8A8247-8540-481F-BDF2-7DBDA9E6B0FA}.Debug|Any CPU.ActiveCfg = Debug|Any CPU
		{8D8A8247-8540-481F-BDF2-7DBDA9E6B0FA}.Debug|Any CPU.Build.0 = Debug|Any CPU
		{8D8A8247-8540-481F-BDF2-7DBDA9E6B0FA}.Debug|x64.ActiveCfg = Debug|Any CPU
		{8D8A8247-8540-481F-BDF2-7DBDA9E6B0FA}.Debug|x64.Build.0 = Debug|Any CPU
		{8D8A8247-8540-481F-BDF2-7DBDA9E6B0FA}.Debug|x86.ActiveCfg = Debug|Any CPU
		{8D8A8247-8540-481F-BDF2-7DBDA9E6B0FA}.Debug|x86.Build.0 = Debug|Any CPU
		{8D8A8247-8540-481F-BDF2-7DBDA9E6B0FA}.Release|Any CPU.ActiveCfg = Release|Any CPU
		{8D8A8247-8540-481F-BDF2-7DBDA9E6B0FA}.Release|Any CPU.Build.0 = Release|Any CPU
		{8D8A8247-8540-481F-BDF2-7DBDA9E6B0FA}.Release|x64.ActiveCfg = Release|Any CPU
		{8D8A8247-8540-481F-BDF2-7DBDA9E6B0FA}.Release|x64.Build.0 = Release|Any CPU
		{8D8A8247-8540-481F-BDF2-7DBDA9E6B0FA}.Release|x86.ActiveCfg = Release|Any CPU
		{8D8A8247-8540-481F-BDF2-7DBDA9E6B0FA}.Release|x86.Build.0 = Release|Any CPU
		{8D8A8247-8540-481F-BDF2-7DBDA9E6B0FA}.ReleaseStrip|Any CPU.ActiveCfg = Release|Any CPU
		{8D8A8247-8540-481F-BDF2-7DBDA9E6B0FA}.ReleaseStrip|Any CPU.Build.0 = Release|Any CPU
		{8D8A8247-8540-481F-BDF2-7DBDA9E6B0FA}.ReleaseStrip|x64.ActiveCfg = Release|Any CPU
		{8D8A8247-8540-481F-BDF2-7DBDA9E6B0FA}.ReleaseStrip|x64.Build.0 = Release|Any CPU
		{8D8A8247-8540-481F-BDF2-7DBDA9E6B0FA}.ReleaseStrip|x86.ActiveCfg = Release|Any CPU
		{8D8A8247-8540-481F-BDF2-7DBDA9E6B0FA}.ReleaseStrip|x86.Build.0 = Release|Any CPU
		{8D8A8247-8540-481F-BDF2-7DBDA9E6B0FA}.ReleaseStripNoProfiling|Any CPU.ActiveCfg = Release|Any CPU
		{8D8A8247-8540-481F-BDF2-7DBDA9E6B0FA}.ReleaseStripNoProfiling|Any CPU.Build.0 = Release|Any CPU
		{8D8A8247-8540-481F-BDF2-7DBDA9E6B0FA}.ReleaseStripNoProfiling|x64.ActiveCfg = Release|Any CPU
		{8D8A8247-8540-481F-BDF2-7DBDA9E6B0FA}.ReleaseStripNoProfiling|x64.Build.0 = Release|Any CPU
		{8D8A8247-8540-481F-BDF2-7DBDA9E6B0FA}.ReleaseStripNoProfiling|x86.ActiveCfg = Release|Any CPU
		{8D8A8247-8540-481F-BDF2-7DBDA9E6B0FA}.ReleaseStripNoProfiling|x86.Build.0 = Release|Any CPU
		{D38E51B5-4979-4E5E-889C-9969BF4C915A}.Debug|Any CPU.ActiveCfg = Debug|Any CPU
		{D38E51B5-4979-4E5E-889C-9969BF4C915A}.Debug|Any CPU.Build.0 = Debug|Any CPU
		{D38E51B5-4979-4E5E-889C-9969BF4C915A}.Debug|x64.ActiveCfg = Debug|Any CPU
		{D38E51B5-4979-4E5E-889C-9969BF4C915A}.Debug|x64.Build.0 = Debug|Any CPU
		{D38E51B5-4979-4E5E-889C-9969BF4C915A}.Debug|x86.ActiveCfg = Debug|Any CPU
		{D38E51B5-4979-4E5E-889C-9969BF4C915A}.Debug|x86.Build.0 = Debug|Any CPU
		{D38E51B5-4979-4E5E-889C-9969BF4C915A}.Release|Any CPU.ActiveCfg = Release|Any CPU
		{D38E51B5-4979-4E5E-889C-9969BF4C915A}.Release|Any CPU.Build.0 = Release|Any CPU
		{D38E51B5-4979-4E5E-889C-9969BF4C915A}.Release|x64.ActiveCfg = Release|Any CPU
		{D38E51B5-4979-4E5E-889C-9969BF4C915A}.Release|x64.Build.0 = Release|Any CPU
		{D38E51B5-4979-4E5E-889C-9969BF4C915A}.Release|x86.ActiveCfg = Release|Any CPU
		{D38E51B5-4979-4E5E-889C-9969BF4C915A}.Release|x86.Build.0 = Release|Any CPU
		{D38E51B5-4979-4E5E-889C-9969BF4C915A}.ReleaseStrip|Any CPU.ActiveCfg = Release|Any CPU
		{D38E51B5-4979-4E5E-889C-9969BF4C915A}.ReleaseStrip|Any CPU.Build.0 = Release|Any CPU
		{D38E51B5-4979-4E5E-889C-9969BF4C915A}.ReleaseStrip|x64.ActiveCfg = Release|Any CPU
		{D38E51B5-4979-4E5E-889C-9969BF4C915A}.ReleaseStrip|x64.Build.0 = Release|Any CPU
		{D38E51B5-4979-4E5E-889C-9969BF4C915A}.ReleaseStrip|x86.ActiveCfg = Release|Any CPU
		{D38E51B5-4979-4E5E-889C-9969BF4C915A}.ReleaseStrip|x86.Build.0 = Release|Any CPU
		{D38E51B5-4979-4E5E-889C-9969BF4C915A}.ReleaseStripNoProfiling|Any CPU.ActiveCfg = Release|Any CPU
		{D38E51B5-4979-4E5E-889C-9969BF4C915A}.ReleaseStripNoProfiling|Any CPU.Build.0 = Release|Any CPU
		{D38E51B5-4979-4E5E-889C-9969BF4C915A}.ReleaseStripNoProfiling|x64.ActiveCfg = Release|Any CPU
		{D38E51B5-4979-4E5E-889C-9969BF4C915A}.ReleaseStripNoProfiling|x64.Build.0 = Release|Any CPU
		{D38E51B5-4979-4E5E-889C-9969BF4C915A}.ReleaseStripNoProfiling|x86.ActiveCfg = Release|Any CPU
		{D38E51B5-4979-4E5E-889C-9969BF4C915A}.ReleaseStripNoProfiling|x86.Build.0 = Release|Any CPU
		{B5227FD1-AF7D-42D7-9806-66B6112475D5}.Debug|Any CPU.ActiveCfg = Debug|Any CPU
		{B5227FD1-AF7D-42D7-9806-66B6112475D5}.Debug|Any CPU.Build.0 = Debug|Any CPU
		{B5227FD1-AF7D-42D7-9806-66B6112475D5}.Debug|x64.ActiveCfg = Debug|Any CPU
		{B5227FD1-AF7D-42D7-9806-66B6112475D5}.Debug|x64.Build.0 = Debug|Any CPU
		{B5227FD1-AF7D-42D7-9806-66B6112475D5}.Debug|x86.ActiveCfg = Debug|Any CPU
		{B5227FD1-AF7D-42D7-9806-66B6112475D5}.Debug|x86.Build.0 = Debug|Any CPU
		{B5227FD1-AF7D-42D7-9806-66B6112475D5}.Release|Any CPU.ActiveCfg = Release|Any CPU
		{B5227FD1-AF7D-42D7-9806-66B6112475D5}.Release|Any CPU.Build.0 = Release|Any CPU
		{B5227FD1-AF7D-42D7-9806-66B6112475D5}.Release|x64.ActiveCfg = Release|Any CPU
		{B5227FD1-AF7D-42D7-9806-66B6112475D5}.Release|x64.Build.0 = Release|Any CPU
		{B5227FD1-AF7D-42D7-9806-66B6112475D5}.Release|x86.ActiveCfg = Release|Any CPU
		{B5227FD1-AF7D-42D7-9806-66B6112475D5}.Release|x86.Build.0 = Release|Any CPU
		{B5227FD1-AF7D-42D7-9806-66B6112475D5}.ReleaseStrip|Any CPU.ActiveCfg = Release|Any CPU
		{B5227FD1-AF7D-42D7-9806-66B6112475D5}.ReleaseStrip|Any CPU.Build.0 = Release|Any CPU
		{B5227FD1-AF7D-42D7-9806-66B6112475D5}.ReleaseStrip|x64.ActiveCfg = Release|Any CPU
		{B5227FD1-AF7D-42D7-9806-66B6112475D5}.ReleaseStrip|x64.Build.0 = Release|Any CPU
		{B5227FD1-AF7D-42D7-9806-66B6112475D5}.ReleaseStrip|x86.ActiveCfg = Release|Any CPU
		{B5227FD1-AF7D-42D7-9806-66B6112475D5}.ReleaseStrip|x86.Build.0 = Release|Any CPU
		{B5227FD1-AF7D-42D7-9806-66B6112475D5}.ReleaseStripNoProfiling|Any CPU.ActiveCfg = Release|Any CPU
		{B5227FD1-AF7D-42D7-9806-66B6112475D5}.ReleaseStripNoProfiling|Any CPU.Build.0 = Release|Any CPU
		{B5227FD1-AF7D-42D7-9806-66B6112475D5}.ReleaseStripNoProfiling|x64.ActiveCfg = Release|Any CPU
		{B5227FD1-AF7D-42D7-9806-66B6112475D5}.ReleaseStripNoProfiling|x64.Build.0 = Release|Any CPU
		{B5227FD1-AF7D-42D7-9806-66B6112475D5}.ReleaseStripNoProfiling|x86.ActiveCfg = Release|Any CPU
		{B5227FD1-AF7D-42D7-9806-66B6112475D5}.ReleaseStripNoProfiling|x86.Build.0 = Release|Any CPU
	EndGlobalSection
	GlobalSection(SolutionProperties) = preSolution
		HideSolutionNode = FALSE
	EndGlobalSection
	GlobalSection(NestedProjects) = preSolution
		{56DC2D62-D62B-40E4-94E1-CA65493F2593} = {B58325C1-470C-4F6A-8409-D14D71D40DED}
		{2F6ACA79-242D-4E68-BA9F-AEEA570B1689} = {B58325C1-470C-4F6A-8409-D14D71D40DED}
		{B41F220B-B425-4C17-A698-52909548EADC} = {B58325C1-470C-4F6A-8409-D14D71D40DED}
		{AC6C0201-65E2-42F5-8978-F9D04DF1989C} = {0A9EA73A-AF26-4386-AEC1-640B13487949}
		{728053D1-ABF4-4E66-9463-28C9FFFAD79B} = {0A9EA73A-AF26-4386-AEC1-640B13487949}
		{8D8A8247-8540-481F-BDF2-7DBDA9E6B0FA} = {0A9EA73A-AF26-4386-AEC1-640B13487949}
		{D38E51B5-4979-4E5E-889C-9969BF4C915A} = {0A9EA73A-AF26-4386-AEC1-640B13487949}
		{B5227FD1-AF7D-42D7-9806-66B6112475D5} = {B58325C1-470C-4F6A-8409-D14D71D40DED}
	EndGlobalSection
	GlobalSection(ExtensibilityGlobals) = postSolution
		SolutionGuid = {A6894B51-5773-4C78-8BDA-83890B33A851}
	EndGlobalSection
EndGlobal
