Microsoft Visual Studio Solution File, Format Version 12.00
# Visual Studio 15
VisualStudioVersion = 15.0.27130.2026
MinimumVisualStudioVersion = 15.0.26124.0
Project("{FAE04EC0-301F-11D3-BF4B-00C04F79EFBC}") = "D3DLab", "D3DLab\D3DLab.csproj", "{D7A21D57-4A41-444B-9462-1F0CD9459E28}"
	ProjectSection(ProjectDependencies) = postProject
		{47327E16-DC8D-4D23-9485-C16CAFE5E34A} = {47327E16-DC8D-4D23-9485-C16CAFE5E34A}
		{AD2B47E7-4B24-4643-83A8-46E14AFA2BC5} = {AD2B47E7-4B24-4643-83A8-46E14AFA2BC5}
	EndProjectSection
EndProject
Project("{FAE04EC0-301F-11D3-BF4B-00C04F79EFBC}") = "D3DLab.Helix", "D3DLab.Helix\D3DLab.Helix.csproj", "{57D159AE-1AFC-4BD4-95F5-FA81DAD83FC4}"
EndProject
Project("{FAE04EC0-301F-11D3-BF4B-00C04F79EFBC}") = "D3DLab.Debugger", "D3DLab.Debugger\D3DLab.Debugger.csproj", "{3FC522C3-3533-4A12-A751-D784CB93FAF1}"
EndProject
Project("{FAE04EC0-301F-11D3-BF4B-00C04F79EFBC}") = "D3DLab.UI", "D3DLab.UI\D3DLab.UI.csproj", "{336FEB8A-DE4F-4BDB-8322-FC594F19FEEF}"
EndProject
Project("{9A19103F-16F7-4668-BE54-9A1E7A4F7556}") = "SvP.Engine.App", "SvP.Engine.App\SvP.Engine.App.csproj", "{8DDB3C54-7F8A-4DF1-B633-56A03D5596B4}"
EndProject
Project("{2150E333-8FDC-42A3-9474-1A3956D46DE8}") = "veldrid", "veldrid", "{27F25619-4632-449F-BC93-42C2D627DF7D}"
EndProject
Project("{9A19103F-16F7-4668-BE54-9A1E7A4F7556}") = "Veldrid", "veldrid\src\Veldrid\Veldrid.csproj", "{60D56E4A-FA7A-4664-BEF0-0A29F41518BF}"
EndProject
Project("{9A19103F-16F7-4668-BE54-9A1E7A4F7556}") = "Veldrid.SDL2", "veldrid\src\Veldrid.SDL2\Veldrid.SDL2.csproj", "{8B11C7C1-EA56-4449-B7A4-ECBB17D566C3}"
EndProject
Project("{9A19103F-16F7-4668-BE54-9A1E7A4F7556}") = "Veldrid.StartupUtilities", "veldrid\src\Veldrid.StartupUtilities\Veldrid.StartupUtilities.csproj", "{A2DA940F-F006-42AD-B4AA-50766B32A9EA}"
EndProject
Project("{9A19103F-16F7-4668-BE54-9A1E7A4F7556}") = "Veldrid.Utilities", "veldrid\src\Veldrid.Utilities\Veldrid.Utilities.csproj", "{3C8555BB-2BD9-4973-BFD9-DCAFDCD5955D}"
EndProject
Project("{9A19103F-16F7-4668-BE54-9A1E7A4F7556}") = "Veldrid.ImageSharp", "veldrid\src\Veldrid.ImageSharp\Veldrid.ImageSharp.csproj", "{B1AEBA69-C61C-41E7-9126-2087B3D5CAFA}"
EndProject
Project("{9A19103F-16F7-4668-BE54-9A1E7A4F7556}") = "Veldrid.OpenGLBindings", "veldrid\src\Veldrid.OpenGLBindings\Veldrid.OpenGLBindings.csproj", "{6E93B2E1-BF0B-4268-94BA-E951ECC4DD7F}"
EndProject
Project("{9A19103F-16F7-4668-BE54-9A1E7A4F7556}") = "Veldrid.MetalBindings", "veldrid\src\Veldrid.MetalBindings\Veldrid.MetalBindings.csproj", "{6647F17C-02E9-4EF2-B882-40E22A187744}"
EndProject
Project("{9A19103F-16F7-4668-BE54-9A1E7A4F7556}") = "D3DLab.Std.Engine", "D3DLab.Std.Engine\D3DLab.Std.Engine.csproj", "{47327E16-DC8D-4D23-9485-C16CAFE5E34A}"
EndProject
Project("{9A19103F-16F7-4668-BE54-9A1E7A4F7556}") = "D3DLab.Std.Engine.Core", "D3DLab.Std.Engine.Core\D3DLab.Std.Engine.Core.csproj", "{AD2B47E7-4B24-4643-83A8-46E14AFA2BC5}"
EndProject
Project("{FAE04EC0-301F-11D3-BF4B-00C04F79EFBC}") = "D3DLab.Wpf.Engine.App", "D3DLab.Wpf.Engine.App\D3DLab.Wpf.Engine.App.csproj", "{DD2AF31B-F0DD-4BDD-A6EB-0D32FC8B6BB7}"
EndProject
Project("{FAE04EC0-301F-11D3-BF4B-00C04F79EFBC}") = "D3DLab.Fwk.ImageSharp", "D3DLab.Fwk.ImageSharp\D3DLab.Fwk.ImageSharp.csproj", "{A299F142-CC63-4664-8290-01EF69F85182}"
EndProject
Project("{9A19103F-16F7-4668-BE54-9A1E7A4F7556}") = "D3DLab.SDX.Engine", "D3DLab.SDX.Engine\D3DLab.SDX.Engine.csproj", "{F463EBD8-115C-405D-962D-50A212A3AC38}"
EndProject
Project("{2150E333-8FDC-42A3-9474-1A3956D46DE8}") = "Solution Items", "Solution Items", "{6DECC491-935B-4EB5-9534-60C5D6B3C864}"
	ProjectSection(SolutionItems) = preProject
		readme.txt = readme.txt
	EndProjectSection
EndProject
Global
	GlobalSection(SolutionConfigurationPlatforms) = preSolution
		Debug|Any CPU = Debug|Any CPU
		Debug|x64 = Debug|x64
		Debug|x86 = Debug|x86
		Release|Any CPU = Release|Any CPU
		Release|x64 = Release|x64
		Release|x86 = Release|x86
	EndGlobalSection
	GlobalSection(ProjectConfigurationPlatforms) = postSolution
		{D7A21D57-4A41-444B-9462-1F0CD9459E28}.Debug|Any CPU.ActiveCfg = Debug|Any CPU
		{D7A21D57-4A41-444B-9462-1F0CD9459E28}.Debug|Any CPU.Build.0 = Debug|Any CPU
		{D7A21D57-4A41-444B-9462-1F0CD9459E28}.Debug|x64.ActiveCfg = Debug|Any CPU
		{D7A21D57-4A41-444B-9462-1F0CD9459E28}.Debug|x64.Build.0 = Debug|Any CPU
		{D7A21D57-4A41-444B-9462-1F0CD9459E28}.Debug|x86.ActiveCfg = Debug|Any CPU
		{D7A21D57-4A41-444B-9462-1F0CD9459E28}.Debug|x86.Build.0 = Debug|Any CPU
		{D7A21D57-4A41-444B-9462-1F0CD9459E28}.Release|Any CPU.ActiveCfg = Release|Any CPU
		{D7A21D57-4A41-444B-9462-1F0CD9459E28}.Release|Any CPU.Build.0 = Release|Any CPU
		{D7A21D57-4A41-444B-9462-1F0CD9459E28}.Release|x64.ActiveCfg = Release|Any CPU
		{D7A21D57-4A41-444B-9462-1F0CD9459E28}.Release|x64.Build.0 = Release|Any CPU
		{D7A21D57-4A41-444B-9462-1F0CD9459E28}.Release|x86.ActiveCfg = Release|Any CPU
		{D7A21D57-4A41-444B-9462-1F0CD9459E28}.Release|x86.Build.0 = Release|Any CPU
		{57D159AE-1AFC-4BD4-95F5-FA81DAD83FC4}.Debug|Any CPU.ActiveCfg = Debug|Any CPU
		{57D159AE-1AFC-4BD4-95F5-FA81DAD83FC4}.Debug|Any CPU.Build.0 = Debug|Any CPU
		{57D159AE-1AFC-4BD4-95F5-FA81DAD83FC4}.Debug|x64.ActiveCfg = Debug|Any CPU
		{57D159AE-1AFC-4BD4-95F5-FA81DAD83FC4}.Debug|x64.Build.0 = Debug|Any CPU
		{57D159AE-1AFC-4BD4-95F5-FA81DAD83FC4}.Debug|x86.ActiveCfg = Debug|Any CPU
		{57D159AE-1AFC-4BD4-95F5-FA81DAD83FC4}.Debug|x86.Build.0 = Debug|Any CPU
		{57D159AE-1AFC-4BD4-95F5-FA81DAD83FC4}.Release|Any CPU.ActiveCfg = Release|Any CPU
		{57D159AE-1AFC-4BD4-95F5-FA81DAD83FC4}.Release|Any CPU.Build.0 = Release|Any CPU
		{57D159AE-1AFC-4BD4-95F5-FA81DAD83FC4}.Release|x64.ActiveCfg = Release|Any CPU
		{57D159AE-1AFC-4BD4-95F5-FA81DAD83FC4}.Release|x64.Build.0 = Release|Any CPU
		{57D159AE-1AFC-4BD4-95F5-FA81DAD83FC4}.Release|x86.ActiveCfg = Release|Any CPU
		{57D159AE-1AFC-4BD4-95F5-FA81DAD83FC4}.Release|x86.Build.0 = Release|Any CPU
		{3FC522C3-3533-4A12-A751-D784CB93FAF1}.Debug|Any CPU.ActiveCfg = Debug|Any CPU
		{3FC522C3-3533-4A12-A751-D784CB93FAF1}.Debug|Any CPU.Build.0 = Debug|Any CPU
		{3FC522C3-3533-4A12-A751-D784CB93FAF1}.Debug|x64.ActiveCfg = Debug|Any CPU
		{3FC522C3-3533-4A12-A751-D784CB93FAF1}.Debug|x64.Build.0 = Debug|Any CPU
		{3FC522C3-3533-4A12-A751-D784CB93FAF1}.Debug|x86.ActiveCfg = Debug|Any CPU
		{3FC522C3-3533-4A12-A751-D784CB93FAF1}.Debug|x86.Build.0 = Debug|Any CPU
		{3FC522C3-3533-4A12-A751-D784CB93FAF1}.Release|Any CPU.ActiveCfg = Release|Any CPU
		{3FC522C3-3533-4A12-A751-D784CB93FAF1}.Release|Any CPU.Build.0 = Release|Any CPU
		{3FC522C3-3533-4A12-A751-D784CB93FAF1}.Release|x64.ActiveCfg = Release|Any CPU
		{3FC522C3-3533-4A12-A751-D784CB93FAF1}.Release|x64.Build.0 = Release|Any CPU
		{3FC522C3-3533-4A12-A751-D784CB93FAF1}.Release|x86.ActiveCfg = Release|Any CPU
		{3FC522C3-3533-4A12-A751-D784CB93FAF1}.Release|x86.Build.0 = Release|Any CPU
		{336FEB8A-DE4F-4BDB-8322-FC594F19FEEF}.Debug|Any CPU.ActiveCfg = Debug|Any CPU
		{336FEB8A-DE4F-4BDB-8322-FC594F19FEEF}.Debug|Any CPU.Build.0 = Debug|Any CPU
		{336FEB8A-DE4F-4BDB-8322-FC594F19FEEF}.Debug|x64.ActiveCfg = Debug|Any CPU
		{336FEB8A-DE4F-4BDB-8322-FC594F19FEEF}.Debug|x64.Build.0 = Debug|Any CPU
		{336FEB8A-DE4F-4BDB-8322-FC594F19FEEF}.Debug|x86.ActiveCfg = Debug|Any CPU
		{336FEB8A-DE4F-4BDB-8322-FC594F19FEEF}.Debug|x86.Build.0 = Debug|Any CPU
		{336FEB8A-DE4F-4BDB-8322-FC594F19FEEF}.Release|Any CPU.ActiveCfg = Release|Any CPU
		{336FEB8A-DE4F-4BDB-8322-FC594F19FEEF}.Release|Any CPU.Build.0 = Release|Any CPU
		{336FEB8A-DE4F-4BDB-8322-FC594F19FEEF}.Release|x64.ActiveCfg = Release|Any CPU
		{336FEB8A-DE4F-4BDB-8322-FC594F19FEEF}.Release|x64.Build.0 = Release|Any CPU
		{336FEB8A-DE4F-4BDB-8322-FC594F19FEEF}.Release|x86.ActiveCfg = Release|Any CPU
		{336FEB8A-DE4F-4BDB-8322-FC594F19FEEF}.Release|x86.Build.0 = Release|Any CPU
		{8DDB3C54-7F8A-4DF1-B633-56A03D5596B4}.Debug|Any CPU.ActiveCfg = Debug|Any CPU
		{8DDB3C54-7F8A-4DF1-B633-56A03D5596B4}.Debug|Any CPU.Build.0 = Debug|Any CPU
		{8DDB3C54-7F8A-4DF1-B633-56A03D5596B4}.Debug|x64.ActiveCfg = Debug|Any CPU
		{8DDB3C54-7F8A-4DF1-B633-56A03D5596B4}.Debug|x64.Build.0 = Debug|Any CPU
		{8DDB3C54-7F8A-4DF1-B633-56A03D5596B4}.Debug|x86.ActiveCfg = Debug|Any CPU
		{8DDB3C54-7F8A-4DF1-B633-56A03D5596B4}.Debug|x86.Build.0 = Debug|Any CPU
		{8DDB3C54-7F8A-4DF1-B633-56A03D5596B4}.Release|Any CPU.ActiveCfg = Release|Any CPU
		{8DDB3C54-7F8A-4DF1-B633-56A03D5596B4}.Release|Any CPU.Build.0 = Release|Any CPU
		{8DDB3C54-7F8A-4DF1-B633-56A03D5596B4}.Release|x64.ActiveCfg = Release|Any CPU
		{8DDB3C54-7F8A-4DF1-B633-56A03D5596B4}.Release|x64.Build.0 = Release|Any CPU
		{8DDB3C54-7F8A-4DF1-B633-56A03D5596B4}.Release|x86.ActiveCfg = Release|Any CPU
		{8DDB3C54-7F8A-4DF1-B633-56A03D5596B4}.Release|x86.Build.0 = Release|Any CPU
		{60D56E4A-FA7A-4664-BEF0-0A29F41518BF}.Debug|Any CPU.ActiveCfg = Debug|Any CPU
		{60D56E4A-FA7A-4664-BEF0-0A29F41518BF}.Debug|Any CPU.Build.0 = Debug|Any CPU
		{60D56E4A-FA7A-4664-BEF0-0A29F41518BF}.Debug|x64.ActiveCfg = Debug|Any CPU
		{60D56E4A-FA7A-4664-BEF0-0A29F41518BF}.Debug|x64.Build.0 = Debug|Any CPU
		{60D56E4A-FA7A-4664-BEF0-0A29F41518BF}.Debug|x86.ActiveCfg = Debug|Any CPU
		{60D56E4A-FA7A-4664-BEF0-0A29F41518BF}.Debug|x86.Build.0 = Debug|Any CPU
		{60D56E4A-FA7A-4664-BEF0-0A29F41518BF}.Release|Any CPU.ActiveCfg = Release|Any CPU
		{60D56E4A-FA7A-4664-BEF0-0A29F41518BF}.Release|Any CPU.Build.0 = Release|Any CPU
		{60D56E4A-FA7A-4664-BEF0-0A29F41518BF}.Release|x64.ActiveCfg = Release|Any CPU
		{60D56E4A-FA7A-4664-BEF0-0A29F41518BF}.Release|x64.Build.0 = Release|Any CPU
		{60D56E4A-FA7A-4664-BEF0-0A29F41518BF}.Release|x86.ActiveCfg = Release|Any CPU
		{60D56E4A-FA7A-4664-BEF0-0A29F41518BF}.Release|x86.Build.0 = Release|Any CPU
		{8B11C7C1-EA56-4449-B7A4-ECBB17D566C3}.Debug|Any CPU.ActiveCfg = Debug|Any CPU
		{8B11C7C1-EA56-4449-B7A4-ECBB17D566C3}.Debug|Any CPU.Build.0 = Debug|Any CPU
		{8B11C7C1-EA56-4449-B7A4-ECBB17D566C3}.Debug|x64.ActiveCfg = Debug|Any CPU
		{8B11C7C1-EA56-4449-B7A4-ECBB17D566C3}.Debug|x64.Build.0 = Debug|Any CPU
		{8B11C7C1-EA56-4449-B7A4-ECBB17D566C3}.Debug|x86.ActiveCfg = Debug|Any CPU
		{8B11C7C1-EA56-4449-B7A4-ECBB17D566C3}.Debug|x86.Build.0 = Debug|Any CPU
		{8B11C7C1-EA56-4449-B7A4-ECBB17D566C3}.Release|Any CPU.ActiveCfg = Release|Any CPU
		{8B11C7C1-EA56-4449-B7A4-ECBB17D566C3}.Release|Any CPU.Build.0 = Release|Any CPU
		{8B11C7C1-EA56-4449-B7A4-ECBB17D566C3}.Release|x64.ActiveCfg = Release|Any CPU
		{8B11C7C1-EA56-4449-B7A4-ECBB17D566C3}.Release|x64.Build.0 = Release|Any CPU
		{8B11C7C1-EA56-4449-B7A4-ECBB17D566C3}.Release|x86.ActiveCfg = Release|Any CPU
		{8B11C7C1-EA56-4449-B7A4-ECBB17D566C3}.Release|x86.Build.0 = Release|Any CPU
		{A2DA940F-F006-42AD-B4AA-50766B32A9EA}.Debug|Any CPU.ActiveCfg = Debug|Any CPU
		{A2DA940F-F006-42AD-B4AA-50766B32A9EA}.Debug|Any CPU.Build.0 = Debug|Any CPU
		{A2DA940F-F006-42AD-B4AA-50766B32A9EA}.Debug|x64.ActiveCfg = Debug|Any CPU
		{A2DA940F-F006-42AD-B4AA-50766B32A9EA}.Debug|x64.Build.0 = Debug|Any CPU
		{A2DA940F-F006-42AD-B4AA-50766B32A9EA}.Debug|x86.ActiveCfg = Debug|Any CPU
		{A2DA940F-F006-42AD-B4AA-50766B32A9EA}.Debug|x86.Build.0 = Debug|Any CPU
		{A2DA940F-F006-42AD-B4AA-50766B32A9EA}.Release|Any CPU.ActiveCfg = Release|Any CPU
		{A2DA940F-F006-42AD-B4AA-50766B32A9EA}.Release|Any CPU.Build.0 = Release|Any CPU
		{A2DA940F-F006-42AD-B4AA-50766B32A9EA}.Release|x64.ActiveCfg = Release|Any CPU
		{A2DA940F-F006-42AD-B4AA-50766B32A9EA}.Release|x64.Build.0 = Release|Any CPU
		{A2DA940F-F006-42AD-B4AA-50766B32A9EA}.Release|x86.ActiveCfg = Release|Any CPU
		{A2DA940F-F006-42AD-B4AA-50766B32A9EA}.Release|x86.Build.0 = Release|Any CPU
		{3C8555BB-2BD9-4973-BFD9-DCAFDCD5955D}.Debug|Any CPU.ActiveCfg = Debug|Any CPU
		{3C8555BB-2BD9-4973-BFD9-DCAFDCD5955D}.Debug|Any CPU.Build.0 = Debug|Any CPU
		{3C8555BB-2BD9-4973-BFD9-DCAFDCD5955D}.Debug|x64.ActiveCfg = Debug|Any CPU
		{3C8555BB-2BD9-4973-BFD9-DCAFDCD5955D}.Debug|x64.Build.0 = Debug|Any CPU
		{3C8555BB-2BD9-4973-BFD9-DCAFDCD5955D}.Debug|x86.ActiveCfg = Debug|Any CPU
		{3C8555BB-2BD9-4973-BFD9-DCAFDCD5955D}.Debug|x86.Build.0 = Debug|Any CPU
		{3C8555BB-2BD9-4973-BFD9-DCAFDCD5955D}.Release|Any CPU.ActiveCfg = Release|Any CPU
		{3C8555BB-2BD9-4973-BFD9-DCAFDCD5955D}.Release|Any CPU.Build.0 = Release|Any CPU
		{3C8555BB-2BD9-4973-BFD9-DCAFDCD5955D}.Release|x64.ActiveCfg = Release|Any CPU
		{3C8555BB-2BD9-4973-BFD9-DCAFDCD5955D}.Release|x64.Build.0 = Release|Any CPU
		{3C8555BB-2BD9-4973-BFD9-DCAFDCD5955D}.Release|x86.ActiveCfg = Release|Any CPU
		{3C8555BB-2BD9-4973-BFD9-DCAFDCD5955D}.Release|x86.Build.0 = Release|Any CPU
		{B1AEBA69-C61C-41E7-9126-2087B3D5CAFA}.Debug|Any CPU.ActiveCfg = Debug|Any CPU
		{B1AEBA69-C61C-41E7-9126-2087B3D5CAFA}.Debug|Any CPU.Build.0 = Debug|Any CPU
		{B1AEBA69-C61C-41E7-9126-2087B3D5CAFA}.Debug|x64.ActiveCfg = Debug|Any CPU
		{B1AEBA69-C61C-41E7-9126-2087B3D5CAFA}.Debug|x64.Build.0 = Debug|Any CPU
		{B1AEBA69-C61C-41E7-9126-2087B3D5CAFA}.Debug|x86.ActiveCfg = Debug|Any CPU
		{B1AEBA69-C61C-41E7-9126-2087B3D5CAFA}.Debug|x86.Build.0 = Debug|Any CPU
		{B1AEBA69-C61C-41E7-9126-2087B3D5CAFA}.Release|Any CPU.ActiveCfg = Release|Any CPU
		{B1AEBA69-C61C-41E7-9126-2087B3D5CAFA}.Release|Any CPU.Build.0 = Release|Any CPU
		{B1AEBA69-C61C-41E7-9126-2087B3D5CAFA}.Release|x64.ActiveCfg = Release|Any CPU
		{B1AEBA69-C61C-41E7-9126-2087B3D5CAFA}.Release|x64.Build.0 = Release|Any CPU
		{B1AEBA69-C61C-41E7-9126-2087B3D5CAFA}.Release|x86.ActiveCfg = Release|Any CPU
		{B1AEBA69-C61C-41E7-9126-2087B3D5CAFA}.Release|x86.Build.0 = Release|Any CPU
		{6E93B2E1-BF0B-4268-94BA-E951ECC4DD7F}.Debug|Any CPU.ActiveCfg = Debug|Any CPU
		{6E93B2E1-BF0B-4268-94BA-E951ECC4DD7F}.Debug|Any CPU.Build.0 = Debug|Any CPU
		{6E93B2E1-BF0B-4268-94BA-E951ECC4DD7F}.Debug|x64.ActiveCfg = Debug|Any CPU
		{6E93B2E1-BF0B-4268-94BA-E951ECC4DD7F}.Debug|x64.Build.0 = Debug|Any CPU
		{6E93B2E1-BF0B-4268-94BA-E951ECC4DD7F}.Debug|x86.ActiveCfg = Debug|Any CPU
		{6E93B2E1-BF0B-4268-94BA-E951ECC4DD7F}.Debug|x86.Build.0 = Debug|Any CPU
		{6E93B2E1-BF0B-4268-94BA-E951ECC4DD7F}.Release|Any CPU.ActiveCfg = Release|Any CPU
		{6E93B2E1-BF0B-4268-94BA-E951ECC4DD7F}.Release|Any CPU.Build.0 = Release|Any CPU
		{6E93B2E1-BF0B-4268-94BA-E951ECC4DD7F}.Release|x64.ActiveCfg = Release|Any CPU
		{6E93B2E1-BF0B-4268-94BA-E951ECC4DD7F}.Release|x64.Build.0 = Release|Any CPU
		{6E93B2E1-BF0B-4268-94BA-E951ECC4DD7F}.Release|x86.ActiveCfg = Release|Any CPU
		{6E93B2E1-BF0B-4268-94BA-E951ECC4DD7F}.Release|x86.Build.0 = Release|Any CPU
		{6647F17C-02E9-4EF2-B882-40E22A187744}.Debug|Any CPU.ActiveCfg = Debug|Any CPU
		{6647F17C-02E9-4EF2-B882-40E22A187744}.Debug|Any CPU.Build.0 = Debug|Any CPU
		{6647F17C-02E9-4EF2-B882-40E22A187744}.Debug|x64.ActiveCfg = Debug|Any CPU
		{6647F17C-02E9-4EF2-B882-40E22A187744}.Debug|x64.Build.0 = Debug|Any CPU
		{6647F17C-02E9-4EF2-B882-40E22A187744}.Debug|x86.ActiveCfg = Debug|Any CPU
		{6647F17C-02E9-4EF2-B882-40E22A187744}.Debug|x86.Build.0 = Debug|Any CPU
		{6647F17C-02E9-4EF2-B882-40E22A187744}.Release|Any CPU.ActiveCfg = Release|Any CPU
		{6647F17C-02E9-4EF2-B882-40E22A187744}.Release|Any CPU.Build.0 = Release|Any CPU
		{6647F17C-02E9-4EF2-B882-40E22A187744}.Release|x64.ActiveCfg = Release|Any CPU
		{6647F17C-02E9-4EF2-B882-40E22A187744}.Release|x64.Build.0 = Release|Any CPU
		{6647F17C-02E9-4EF2-B882-40E22A187744}.Release|x86.ActiveCfg = Release|Any CPU
		{6647F17C-02E9-4EF2-B882-40E22A187744}.Release|x86.Build.0 = Release|Any CPU
		{47327E16-DC8D-4D23-9485-C16CAFE5E34A}.Debug|Any CPU.ActiveCfg = Debug|Any CPU
		{47327E16-DC8D-4D23-9485-C16CAFE5E34A}.Debug|Any CPU.Build.0 = Debug|Any CPU
		{47327E16-DC8D-4D23-9485-C16CAFE5E34A}.Debug|x64.ActiveCfg = Debug|Any CPU
		{47327E16-DC8D-4D23-9485-C16CAFE5E34A}.Debug|x64.Build.0 = Debug|Any CPU
		{47327E16-DC8D-4D23-9485-C16CAFE5E34A}.Debug|x86.ActiveCfg = Debug|Any CPU
		{47327E16-DC8D-4D23-9485-C16CAFE5E34A}.Debug|x86.Build.0 = Debug|Any CPU
		{47327E16-DC8D-4D23-9485-C16CAFE5E34A}.Release|Any CPU.ActiveCfg = Release|Any CPU
		{47327E16-DC8D-4D23-9485-C16CAFE5E34A}.Release|Any CPU.Build.0 = Release|Any CPU
		{47327E16-DC8D-4D23-9485-C16CAFE5E34A}.Release|x64.ActiveCfg = Release|Any CPU
		{47327E16-DC8D-4D23-9485-C16CAFE5E34A}.Release|x64.Build.0 = Release|Any CPU
		{47327E16-DC8D-4D23-9485-C16CAFE5E34A}.Release|x86.ActiveCfg = Release|Any CPU
		{47327E16-DC8D-4D23-9485-C16CAFE5E34A}.Release|x86.Build.0 = Release|Any CPU
		{AD2B47E7-4B24-4643-83A8-46E14AFA2BC5}.Debug|Any CPU.ActiveCfg = Debug|Any CPU
		{AD2B47E7-4B24-4643-83A8-46E14AFA2BC5}.Debug|Any CPU.Build.0 = Debug|Any CPU
		{AD2B47E7-4B24-4643-83A8-46E14AFA2BC5}.Debug|x64.ActiveCfg = Debug|Any CPU
		{AD2B47E7-4B24-4643-83A8-46E14AFA2BC5}.Debug|x64.Build.0 = Debug|Any CPU
		{AD2B47E7-4B24-4643-83A8-46E14AFA2BC5}.Debug|x86.ActiveCfg = Debug|Any CPU
		{AD2B47E7-4B24-4643-83A8-46E14AFA2BC5}.Debug|x86.Build.0 = Debug|Any CPU
		{AD2B47E7-4B24-4643-83A8-46E14AFA2BC5}.Release|Any CPU.ActiveCfg = Release|Any CPU
		{AD2B47E7-4B24-4643-83A8-46E14AFA2BC5}.Release|Any CPU.Build.0 = Release|Any CPU
		{AD2B47E7-4B24-4643-83A8-46E14AFA2BC5}.Release|x64.ActiveCfg = Release|Any CPU
		{AD2B47E7-4B24-4643-83A8-46E14AFA2BC5}.Release|x64.Build.0 = Release|Any CPU
		{AD2B47E7-4B24-4643-83A8-46E14AFA2BC5}.Release|x86.ActiveCfg = Release|Any CPU
		{AD2B47E7-4B24-4643-83A8-46E14AFA2BC5}.Release|x86.Build.0 = Release|Any CPU
		{DD2AF31B-F0DD-4BDD-A6EB-0D32FC8B6BB7}.Debug|Any CPU.ActiveCfg = Debug|Any CPU
		{DD2AF31B-F0DD-4BDD-A6EB-0D32FC8B6BB7}.Debug|Any CPU.Build.0 = Debug|Any CPU
		{DD2AF31B-F0DD-4BDD-A6EB-0D32FC8B6BB7}.Debug|x64.ActiveCfg = Debug|Any CPU
		{DD2AF31B-F0DD-4BDD-A6EB-0D32FC8B6BB7}.Debug|x64.Build.0 = Debug|Any CPU
		{DD2AF31B-F0DD-4BDD-A6EB-0D32FC8B6BB7}.Debug|x86.ActiveCfg = Debug|Any CPU
		{DD2AF31B-F0DD-4BDD-A6EB-0D32FC8B6BB7}.Debug|x86.Build.0 = Debug|Any CPU
		{DD2AF31B-F0DD-4BDD-A6EB-0D32FC8B6BB7}.Release|Any CPU.ActiveCfg = Release|Any CPU
		{DD2AF31B-F0DD-4BDD-A6EB-0D32FC8B6BB7}.Release|Any CPU.Build.0 = Release|Any CPU
		{DD2AF31B-F0DD-4BDD-A6EB-0D32FC8B6BB7}.Release|x64.ActiveCfg = Release|Any CPU
		{DD2AF31B-F0DD-4BDD-A6EB-0D32FC8B6BB7}.Release|x64.Build.0 = Release|Any CPU
		{DD2AF31B-F0DD-4BDD-A6EB-0D32FC8B6BB7}.Release|x86.ActiveCfg = Release|Any CPU
		{DD2AF31B-F0DD-4BDD-A6EB-0D32FC8B6BB7}.Release|x86.Build.0 = Release|Any CPU
		{A299F142-CC63-4664-8290-01EF69F85182}.Debug|Any CPU.ActiveCfg = Debug|Any CPU
		{A299F142-CC63-4664-8290-01EF69F85182}.Debug|Any CPU.Build.0 = Debug|Any CPU
		{A299F142-CC63-4664-8290-01EF69F85182}.Debug|x64.ActiveCfg = Debug|Any CPU
		{A299F142-CC63-4664-8290-01EF69F85182}.Debug|x64.Build.0 = Debug|Any CPU
		{A299F142-CC63-4664-8290-01EF69F85182}.Debug|x86.ActiveCfg = Debug|Any CPU
		{A299F142-CC63-4664-8290-01EF69F85182}.Debug|x86.Build.0 = Debug|Any CPU
		{A299F142-CC63-4664-8290-01EF69F85182}.Release|Any CPU.ActiveCfg = Release|Any CPU
		{A299F142-CC63-4664-8290-01EF69F85182}.Release|Any CPU.Build.0 = Release|Any CPU
		{A299F142-CC63-4664-8290-01EF69F85182}.Release|x64.ActiveCfg = Release|Any CPU
		{A299F142-CC63-4664-8290-01EF69F85182}.Release|x64.Build.0 = Release|Any CPU
		{A299F142-CC63-4664-8290-01EF69F85182}.Release|x86.ActiveCfg = Release|Any CPU
		{A299F142-CC63-4664-8290-01EF69F85182}.Release|x86.Build.0 = Release|Any CPU
		{F463EBD8-115C-405D-962D-50A212A3AC38}.Debug|Any CPU.ActiveCfg = Debug|Any CPU
		{F463EBD8-115C-405D-962D-50A212A3AC38}.Debug|Any CPU.Build.0 = Debug|Any CPU
		{F463EBD8-115C-405D-962D-50A212A3AC38}.Debug|x64.ActiveCfg = Debug|Any CPU
		{F463EBD8-115C-405D-962D-50A212A3AC38}.Debug|x64.Build.0 = Debug|Any CPU
		{F463EBD8-115C-405D-962D-50A212A3AC38}.Debug|x86.ActiveCfg = Debug|Any CPU
		{F463EBD8-115C-405D-962D-50A212A3AC38}.Debug|x86.Build.0 = Debug|Any CPU
		{F463EBD8-115C-405D-962D-50A212A3AC38}.Release|Any CPU.ActiveCfg = Release|Any CPU
		{F463EBD8-115C-405D-962D-50A212A3AC38}.Release|Any CPU.Build.0 = Release|Any CPU
		{F463EBD8-115C-405D-962D-50A212A3AC38}.Release|x64.ActiveCfg = Release|Any CPU
		{F463EBD8-115C-405D-962D-50A212A3AC38}.Release|x64.Build.0 = Release|Any CPU
		{F463EBD8-115C-405D-962D-50A212A3AC38}.Release|x86.ActiveCfg = Release|Any CPU
		{F463EBD8-115C-405D-962D-50A212A3AC38}.Release|x86.Build.0 = Release|Any CPU
	EndGlobalSection
	GlobalSection(SolutionProperties) = preSolution
		HideSolutionNode = FALSE
	EndGlobalSection
	GlobalSection(NestedProjects) = preSolution
		{57D159AE-1AFC-4BD4-95F5-FA81DAD83FC4} = {27F25619-4632-449F-BC93-42C2D627DF7D}
		{60D56E4A-FA7A-4664-BEF0-0A29F41518BF} = {27F25619-4632-449F-BC93-42C2D627DF7D}
		{8B11C7C1-EA56-4449-B7A4-ECBB17D566C3} = {27F25619-4632-449F-BC93-42C2D627DF7D}
		{A2DA940F-F006-42AD-B4AA-50766B32A9EA} = {27F25619-4632-449F-BC93-42C2D627DF7D}
		{3C8555BB-2BD9-4973-BFD9-DCAFDCD5955D} = {27F25619-4632-449F-BC93-42C2D627DF7D}
		{B1AEBA69-C61C-41E7-9126-2087B3D5CAFA} = {27F25619-4632-449F-BC93-42C2D627DF7D}
		{6E93B2E1-BF0B-4268-94BA-E951ECC4DD7F} = {27F25619-4632-449F-BC93-42C2D627DF7D}
		{6647F17C-02E9-4EF2-B882-40E22A187744} = {27F25619-4632-449F-BC93-42C2D627DF7D}
	EndGlobalSection
	GlobalSection(ExtensibilityGlobals) = postSolution
		SolutionGuid = {212564A4-FE40-45A2-8AE6-A466B277810C}
	EndGlobalSection
	GlobalSection(Performance) = preSolution
		HasPerformanceSessions = true
	EndGlobalSection
	GlobalSection(Performance) = preSolution
		HasPerformanceSessions = true
	EndGlobalSection
	GlobalSection(Performance) = preSolution
		HasPerformanceSessions = true
	EndGlobalSection
	GlobalSection(Performance) = preSolution
		HasPerformanceSessions = true
	EndGlobalSection
	GlobalSection(Performance) = preSolution
		HasPerformanceSessions = true
	EndGlobalSection
	GlobalSection(Performance) = preSolution
		HasPerformanceSessions = true
	EndGlobalSection
EndGlobal
